
Microsoft Visual Studio Solution File, Format Version 12.00
# Visual Studio 2013
VisualStudioVersion = 12.0.21005.1
MinimumVisualStudioVersion = 10.0.40219.1
Project("{8BC9CEB8-8B4A-11D0-8D11-00A0C91BC942}") = "13.1 Strings", "13.1 Строки\13.1 Строки.vcxproj", "{3E4ABDA8-1FAB-4657-B833-DA841F2FEEAE}"
EndProject
Project("{8BC9CEB8-8B4A-11D0-8D11-00A0C91BC942}") = "14.1 Указатели", "14.1 Указатели\14.1 Указатели.vcxproj", "{65940AEE-3C0D-486B-B16E-0723C4CD92A9}"
EndProject
Project("{8BC9CEB8-8B4A-11D0-8D11-00A0C91BC942}") = "13.2 Строки Задания", "13.2 Строки Задания\13.2 Строки Задания.vcxproj", "{1024A9FF-14FF-4CC6-BFDA-81BE68ED25E9}"
EndProject
Project("{8BC9CEB8-8B4A-11D0-8D11-00A0C91BC942}") = "15.1 Дополнительные классы", "15.1 Дополнительные классы\15.1 Дополнительные классы.vcxproj", "{948ECC71-45A2-486D-B2E2-17FF7720899C}"
EndProject
Global
	GlobalSection(SolutionConfigurationPlatforms) = preSolution
		Debug|Win32 = Debug|Win32
		Release|Win32 = Release|Win32
	EndGlobalSection
	GlobalSection(ProjectConfigurationPlatforms) = postSolution
		{3E4ABDA8-1FAB-4657-B833-DA841F2FEEAE}.Debug|Win32.ActiveCfg = Debug|Win32
		{3E4ABDA8-1FAB-4657-B833-DA841F2FEEAE}.Debug|Win32.Build.0 = Debug|Win32
		{3E4ABDA8-1FAB-4657-B833-DA841F2FEEAE}.Release|Win32.ActiveCfg = Release|Win32
		{3E4ABDA8-1FAB-4657-B833-DA841F2FEEAE}.Release|Win32.Build.0 = Release|Win32
		{65940AEE-3C0D-486B-B16E-0723C4CD92A9}.Debug|Win32.ActiveCfg = Debug|Win32
		{65940AEE-3C0D-486B-B16E-0723C4CD92A9}.Debug|Win32.Build.0 = Debug|Win32
		{65940AEE-3C0D-486B-B16E-0723C4CD92A9}.Release|Win32.ActiveCfg = Release|Win32
		{65940AEE-3C0D-486B-B16E-0723C4CD92A9}.Release|Win32.Build.0 = Release|Win32
		{1024A9FF-14FF-4CC6-BFDA-81BE68ED25E9}.Debug|Win32.ActiveCfg = Debug|Win32
		{1024A9FF-14FF-4CC6-BFDA-81BE68ED25E9}.Debug|Win32.Build.0 = Debug|Win32
		{1024A9FF-14FF-4CC6-BFDA-81BE68ED25E9}.Release|Win32.ActiveCfg = Release|Win32
		{1024A9FF-14FF-4CC6-BFDA-81BE68ED25E9}.Release|Win32.Build.0 = Release|Win32
		{948ECC71-45A2-486D-B2E2-17FF7720899C}.Debug|Win32.ActiveCfg = Debug|Win32
		{948ECC71-45A2-486D-B2E2-17FF7720899C}.Debug|Win32.Build.0 = Debug|Win32
		{948ECC71-45A2-486D-B2E2-17FF7720899C}.Release|Win32.ActiveCfg = Release|Win32
		{948ECC71-45A2-486D-B2E2-17FF7720899C}.Release|Win32.Build.0 = Release|Win32
	EndGlobalSection
	GlobalSection(SolutionProperties) = preSolution
		HideSolutionNode = FALSE
	EndGlobalSection
EndGlobal
