
Microsoft Visual Studio Solution File, Format Version 12.00
# Visual Studio Version 16
VisualStudioVersion = 16.0.29306.81
MinimumVisualStudioVersion = 10.0.40219.1
Project("{8BC9CEB8-8B4A-11D0-8D11-00A0C91BC942}") = "17. Рекурсия", "17. Рекурсия\17. Рекурсия.vcxproj", "{231B09B0-0890-4FEE-BCF6-9A3D3B914AA8}"
EndProject
Project("{8BC9CEB8-8B4A-11D0-8D11-00A0C91BC942}") = "17.1 Задачи", "17.1 Задачи\17.1 Задачи.vcxproj", "{A0698F99-47C8-4CC1-AB7E-1DD972A4B86B}"
EndProject
Project("{8BC9CEB8-8B4A-11D0-8D11-00A0C91BC942}") = "18. Многофайловые проекты", "18. Многофайловые проекты\18. Многофайловые проекты.vcxproj", "{13AB57BA-CD2D-4317-A3E8-A5BFD0A600FC}"
EndProject
Project("{8BC9CEB8-8B4A-11D0-8D11-00A0C91BC942}") = "18.1 Статическая библиотека", "18.1 Статическая библиотека\18.1 Статическая библиотека.vcxproj", "{12DBA0BC-A0D5-401D-A049-8C6546243F86}"
EndProject
Project("{8BC9CEB8-8B4A-11D0-8D11-00A0C91BC942}") = "19. ООП и классы", "19. ООП и классы\19. ООП и классы.vcxproj", "{7249FF8B-F13D-42A4-8604-22E96C1FDB4C}"
EndProject
Project("{8BC9CEB8-8B4A-11D0-8D11-00A0C91BC942}") = "13. Структуры", "1.1 Структуры\1.1 Структуры.vcxproj", "{C0FA9C32-A8F1-4510-BF73-51A85845C0DC}"
EndProject
Project("{8BC9CEB8-8B4A-11D0-8D11-00A0C91BC942}") = "13.1 Структуры", "1.2 Структуры - 2\1.2 Структуры - 2.vcxproj", "{E3E92246-2AE8-4710-8BF7-A2EB3D3816F7}"
EndProject
Project("{8BC9CEB8-8B4A-11D0-8D11-00A0C91BC942}") = "13.2 Структуры", "1.3 Задание - Структуры\1.3 Задание - Структуры.vcxproj", "{E28C2B22-566D-40B4-9D92-F9782ED53BBC}"
EndProject
Project("{8BC9CEB8-8B4A-11D0-8D11-00A0C91BC942}") = "15.1 Файловый ввод вывод", "2.1 Файловый ввод вывод\2.1 Файловый ввод вывод.vcxproj", "{284FF25B-C314-4A09-ADBB-CCF7C366C706}"
EndProject
Project("{8BC9CEB8-8B4A-11D0-8D11-00A0C91BC942}") = "15. Fstream", "2.2 Fstream\2.2 Fstream.vcxproj", "{F0DEFED3-8A9E-470A-A595-58CAE77832AF}"
EndProject
Project("{8BC9CEB8-8B4A-11D0-8D11-00A0C91BC942}") = "15.2 Задание", "2.3 Задание\2.3 Задание.vcxproj", "{3806672E-502D-4D19-968F-1A13FCFE77C9}"
EndProject
Project("{8BC9CEB8-8B4A-11D0-8D11-00A0C91BC942}") = "10. Функции", "3.1 Функции\3.1 Функции.vcxproj", "{7CDC384D-4FEE-4833-9DC9-80B91E069A7F}"
EndProject
Project("{8BC9CEB8-8B4A-11D0-8D11-00A0C91BC942}") = "10.1 Задание", "3.2 Task1\3.2 Task1.vcxproj", "{A73371C3-69A6-4B0D-B49B-9F93243F3480}"
EndProject
Project("{8BC9CEB8-8B4A-11D0-8D11-00A0C91BC942}") = "12. Аргументы функций", "4.1 Аргументы\4.1 Аргументы.vcxproj", "{1953DC1B-D9A6-4C32-974F-BE733FB315DA}"
EndProject
Project("{8BC9CEB8-8B4A-11D0-8D11-00A0C91BC942}") = "12.1 Аргументы функций", "4.2 Аргументы Часть 2\4.2 Аргументы Часть 2.vcxproj", "{D60ADC54-B4C3-4EE7-ACB9-D8AD951E69AC}"
EndProject
Project("{8BC9CEB8-8B4A-11D0-8D11-00A0C91BC942}") = "12.2 Работа с функциями и строками", "4.3 Работа с функциями и строками\4.3 Работа с функциями и строками.vcxproj", "{69324CEF-D5CF-4370-8F0A-B338C326E58D}"
EndProject
Project("{8BC9CEB8-8B4A-11D0-8D11-00A0C91BC942}") = "17.1 Рекурсия", "5.1 Рекурсия\5.1 Рекурсия.vcxproj", "{C8B6D90C-4650-4F5D-AC52-152DAFF34C55}"
EndProject
Project("{8BC9CEB8-8B4A-11D0-8D11-00A0C91BC942}") = "16. Ссылки Перегрузки Шаблоны", "6.1 Ссылки Перегрузки Шаблоны\6.1 Ссылки Перегрузки Шаблоны.vcxproj", "{8409799E-FEC8-410F-BE58-D2F056E85015}"
EndProject
Project("{8BC9CEB8-8B4A-11D0-8D11-00A0C91BC942}") = "16.1 Шаблонные функции сортировки и их перегрузка", "6.2 Шаблонные функции сортировки и их перегрузка\6.2 Шаблонные функции сортировки и их перегрузка.vcxproj", "{0D5A5515-6F6A-4C46-8881-50FEF136FD38}"
EndProject
Project("{8BC9CEB8-8B4A-11D0-8D11-00A0C91BC942}") = "18.3 Разбиение программы на файлы", "7.1 Разбиение программы на файлы\7.1 Разбиение программы на файлы.vcxproj", "{64B07F80-CE07-46C9-9573-38A32FC65923}"
EndProject
Project("{8BC9CEB8-8B4A-11D0-8D11-00A0C91BC942}") = "18.2 Создание статической библиотеки", "Создание статической библиотеки\Создание статической библиотеки.vcxproj", "{EAA7D7EF-5CE5-4DD3-B9F5-FE1F5BD4DB82}"
EndProject
Project("{8BC9CEB8-8B4A-11D0-8D11-00A0C91BC942}") = "19.1 ООП и классы", "9.1 ООП и классы\9.1 ООП и классы.vcxproj", "{AA69BF2B-B2B3-4B8B-826E-EF24676CEACB}"
EndProject
Project("{8BC9CEB8-8B4A-11D0-8D11-00A0C91BC942}") = "0.1 Рубли", "0.1 Рубли\0.1 Рубли.vcxproj", "{D21EA616-6DC5-428D-AE2D-A9E1CF5384B0}"
EndProject
Project("{8BC9CEB8-8B4A-11D0-8D11-00A0C91BC942}") = "14. Односвязный список", "1.4 Односвязный список\1.4 Односвязный список.vcxproj", "{F6A4CA6C-2814-435C-8299-F76AF16DD72F}"
EndProject
Project("{8BC9CEB8-8B4A-11D0-8D11-00A0C91BC942}") = "20. Стэк", "20.1\20.1.vcxproj", "{079ED28A-5D6E-4113-BCD3-1587212503A0}"
EndProject
Project("{8BC9CEB8-8B4A-11D0-8D11-00A0C91BC942}") = "21. Перегрузка операций", "21. Перегрузка операций\21. Перегрузка операций.vcxproj", "{3029DA0E-9E0B-4BCB-9608-F208D158D5D0}"
EndProject
Project("{8BC9CEB8-8B4A-11D0-8D11-00A0C91BC942}") = "21.1 Класс рациональных дробей", "21.1 Класс рациональных дробей\21.1 Класс рациональных дробей.vcxproj", "{4E72DDE6-7246-4569-8F40-3FC2E8370162}"
EndProject
Project("{8BC9CEB8-8B4A-11D0-8D11-00A0C91BC942}") = "21.2 Комплексные числа", "21.2 Комплексные числа\21.2 Комплексные числа.vcxproj", "{BFDCCDE8-77CB-400D-9EF2-0137882E825F}"
EndProject
Project("{8BC9CEB8-8B4A-11D0-8D11-00A0C91BC942}") = "23. Наследование классов", "23. Наследование классов\23. Наследование классов.vcxproj", "{18FEE165-CCC0-4378-BB6E-511E68D8DC56}"
EndProject
Project("{8BC9CEB8-8B4A-11D0-8D11-00A0C91BC942}") = "23.1 Класс фигура", "23.1 Класс фигура\23.1 Класс фигура.vcxproj", "{D9E1752D-2AA8-4EBA-94DA-BCF3575BCEBF}"
EndProject
Project("{8BC9CEB8-8B4A-11D0-8D11-00A0C91BC942}") = "24. Наследование. Полиморфизм", "24. Наследование. Полиморфизм\24. Наследование. Полиморфизм.vcxproj", "{C0847082-1D75-4DCB-AFFB-E11ED39B1836}"
EndProject
Project("{8BC9CEB8-8B4A-11D0-8D11-00A0C91BC942}") = "25. Виртуальный деструктор. Абстрактный класс. Шаблоны", "25. Виртуальный деструктор. Абстрактный класс. Шаблоны\25. Виртуальный деструктор. Абстрактный класс. Шаблоны.vcxproj", "{69415F8D-DB31-47F1-A465-0EFA52A7E5FF}"
EndProject
Project("{8BC9CEB8-8B4A-11D0-8D11-00A0C91BC942}") = "25.1 Класс многотипного массива", "25.1 Класс многотипного массива\25.1 Класс многотипного массива.vcxproj", "{22FF122F-8548-45BB-98EC-A35311547743}"
EndProject
Project("{8BC9CEB8-8B4A-11D0-8D11-00A0C91BC942}") = "26. Исключения и RTTI", "26. Исключения и RTTI\26. Исключения и RTTI.vcxproj", "{EC47D735-FC03-42F3-B2CB-AFE8F3BF56F3}"
EndProject
Project("{8BC9CEB8-8B4A-11D0-8D11-00A0C91BC942}") = "27. STL", "27. STL\27. STL.vcxproj", "{45F130B9-1E28-4376-9A66-1B5608E69504}"
EndProject
Project("{8BC9CEB8-8B4A-11D0-8D11-00A0C91BC942}") = "28. DLL", "28. DLL\28. DLL.vcxproj", "{B3F41B97-7DA6-4D61-B868-28B920B29DCA}"
EndProject
Project("{8BC9CEB8-8B4A-11D0-8D11-00A0C91BC942}") = "29. Classic program", "29. Classic program\29. Classic program.vcxproj", "{086CAC51-F5DF-423C-9BD9-D19B770A0B71}"
EndProject
Project("{8BC9CEB8-8B4A-11D0-8D11-00A0C91BC942}") = "30. Алгоритмы", "30. Алгоритмы\30. Алгоритмы.vcxproj", "{543006C7-F025-4A16-BEBA-A2D5AFC4B7B0}"
EndProject
Project("{8BC9CEB8-8B4A-11D0-8D11-00A0C91BC942}") = "Constexpr", "Constexpr\Constexpr.vcxproj", "{34A081BA-F2CE-4242-B69C-E58EB70814C5}"
EndProject
Project("{8BC9CEB8-8B4A-11D0-8D11-00A0C91BC942}") = "Enumirations", "Enumirations\Enumirations.vcxproj", "{7553ED7D-3B53-4043-81E7-1D549388E179}"
EndProject
Project("{8BC9CEB8-8B4A-11D0-8D11-00A0C91BC942}") = "NOT, AND, OR, XOR, bitset", "NOT, AND, OR, XOR\NOT, AND, OR, XOR.vcxproj", "{A9C4EE12-D536-40CC-9C61-80263DFFA380}"
EndProject
Project("{8BC9CEB8-8B4A-11D0-8D11-00A0C91BC942}") = "Константность", "Константность\Константность.vcxproj", "{9B8C414C-5480-4F79-B177-A2CC956235F0}"
EndProject
Project("{8BC9CEB8-8B4A-11D0-8D11-00A0C91BC942}") = "Конструктор копирования и оператор присваивания", "Конструктор копирования и оператор присваивания\Конструктор копирования и оператор присваивания.vcxproj", "{87641700-5531-46F5-8B76-304FF2605C58}"
EndProject
Project("{8BC9CEB8-8B4A-11D0-8D11-00A0C91BC942}") = "ClassMyVector", "ClassMyVector\ClassMyVector.vcxproj", "{A2311CB3-1EA3-4A68-BBA7-A1FC5DF45797}"
EndProject
Project("{8BC9CEB8-8B4A-11D0-8D11-00A0C91BC942}") = "Inline", "Inline\Inline.vcxproj", "{DC5780C7-E36C-459A-9C54-6F085932D730}"
EndProject
Project("{8BC9CEB8-8B4A-11D0-8D11-00A0C91BC942}") = "Sizeof", "Sizeof\Sizeof.vcxproj", "{BC9562E1-C77F-437E-8C87-4D4CC14DBE28}"
EndProject
Project("{8BC9CEB8-8B4A-11D0-8D11-00A0C91BC942}") = "Callback функция", "Callback функция\Callback функция.vcxproj", "{12C0A03C-DA17-401A-B16D-14B4A02D137F}"
EndProject
Project("{8BC9CEB8-8B4A-11D0-8D11-00A0C91BC942}") = "Static и dynamic cast", "dynamic cast\dynamic cast.vcxproj", "{46D21D61-DACB-433A-B030-B3BAEAA279C5}"
EndProject
Project("{8BC9CEB8-8B4A-11D0-8D11-00A0C91BC942}") = "KOL", "KOL\KOL.vcxproj", "{EF1344B6-01F8-415A-B319-3946470C6747}"
EndProject
Project("{8BC9CEB8-8B4A-11D0-8D11-00A0C91BC942}") = "1. My First SFML Program", "1. My First SFML Program\1. My First SFML Program.vcxproj", "{3946228F-F192-4A1B-B9CB-8F2C4E3A8174}"
EndProject
Project("{8BC9CEB8-8B4A-11D0-8D11-00A0C91BC942}") = "Паттерн Visitor", "Паттерн Visitor\Паттерн Visitor.vcxproj", "{1BCD46E5-7316-47E6-9755-AB1E8966D2F0}"
EndProject
Project("{8BC9CEB8-8B4A-11D0-8D11-00A0C91BC942}") = "Operator", "Operator\Operator.vcxproj", "{4A3D4E02-4B27-4CFC-9FBB-E21340FA3199}"
EndProject
Project("{8BC9CEB8-8B4A-11D0-8D11-00A0C91BC942}") = "SharedPtr", "SharedPtr\SharedPtr.vcxproj", "{A72C16E9-AA3B-4125-8941-7D94AF742680}"
EndProject
Project("{8BC9CEB8-8B4A-11D0-8D11-00A0C91BC942}") = "Паттерн Singleton", "Паттерн Singleton\Паттерн Singleton.vcxproj", "{9298B560-E61F-42A6-8945-00377FF092B5}"
EndProject
Project("{8BC9CEB8-8B4A-11D0-8D11-00A0C91BC942}") = "TemplateArray", "TemplateArray\TemplateArray.vcxproj", "{BFEB577A-572B-47A5-87A3-B526D7F444CE}"
EndProject
Project("{8BC9CEB8-8B4A-11D0-8D11-00A0C91BC942}") = "Практика шаблонов", "Практика паттернов\Практика паттернов.vcxproj", "{CB66B01A-4347-4C30-86AF-376BF584754D}"
EndProject
Project("{8BC9CEB8-8B4A-11D0-8D11-00A0C91BC942}") = "Множественное наследование", "Множественное наследование\Множественное наследование.vcxproj", "{5628FE8E-E913-4F78-89D7-54FC748B95FA}"
EndProject
Project("{8BC9CEB8-8B4A-11D0-8D11-00A0C91BC942}") = "StepikTask", "StepikTask\StepikTask.vcxproj", "{7CBCC41C-2BE8-4635-A8F3-CF3E9BAA763B}"
EndProject
Project("{8BC9CEB8-8B4A-11D0-8D11-00A0C91BC942}") = "RTTI", "RTTI\RTTI.vcxproj", "{D1D94132-26C4-475B-B1E4-E5BD5D4C13FC}"
EndProject
Project("{8BC9CEB8-8B4A-11D0-8D11-00A0C91BC942}") = "Указатели на функции", "Указатели на функции\Указатели на функции.vcxproj", "{6F28918B-97D1-438D-A718-F40EB58AA8D9}"
EndProject
Project("{8BC9CEB8-8B4A-11D0-8D11-00A0C91BC942}") = "Паттерн Listener", "Паттерн Listener\Паттерн Listener.vcxproj", "{3BF478F5-445F-4803-B5E7-CC40B72DCF1B}"
EndProject
Project("{8BC9CEB8-8B4A-11D0-8D11-00A0C91BC942}") = "pthread", "pthread\pthread.vcxproj", "{20C388C9-EAFA-488A-AF40-D978A9DDB863}"
EndProject
Project("{8BC9CEB8-8B4A-11D0-8D11-00A0C91BC942}") = "expat", "expat\expat.vcxproj", "{4A0FBA35-5ABD-4C6E-9B72-DEC9A1313A9D}"
EndProject
Project("{8BC9CEB8-8B4A-11D0-8D11-00A0C91BC942}") = "Указатели на методы и поля класса", "Указатели на методы и поля класса\Указатели на методы и поля класса.vcxproj", "{02C982F6-BADD-45A5-834E-676D9808223A}"
EndProject
Project("{8BC9CEB8-8B4A-11D0-8D11-00A0C91BC942}") = "Эффективное использование С++", "Эффективное использование С++\Эффективное использование С++.vcxproj", "{4014FB71-FA34-416B-BA35-7EA187E1B211}"
EndProject
Project("{8BC9CEB8-8B4A-11D0-8D11-00A0C91BC942}") = "FirstPersonConsole", "FirstPersonConsole\FirstPersonConsole.vcxproj", "{687C2D12-F968-4696-BCC7-7A7285BBEED4}"
EndProject
Project("{8BC9CEB8-8B4A-11D0-8D11-00A0C91BC942}") = "C Strings", "C Strings\C Strings.vcxproj", "{39809242-A11D-41A5-BF30-80937ADEDA6C}"
EndProject
Global
	GlobalSection(SolutionConfigurationPlatforms) = preSolution
		Debug|Win32 = Debug|Win32
		Debug|x64 = Debug|x64
		Debug|x86 = Debug|x86
		Release|Win32 = Release|Win32
		Release|x64 = Release|x64
		Release|x86 = Release|x86
	EndGlobalSection
	GlobalSection(ProjectConfigurationPlatforms) = postSolution
		{231B09B0-0890-4FEE-BCF6-9A3D3B914AA8}.Debug|Win32.ActiveCfg = Debug|Win32
		{231B09B0-0890-4FEE-BCF6-9A3D3B914AA8}.Debug|Win32.Build.0 = Debug|Win32
		{231B09B0-0890-4FEE-BCF6-9A3D3B914AA8}.Debug|x64.ActiveCfg = Debug|x64
		{231B09B0-0890-4FEE-BCF6-9A3D3B914AA8}.Debug|x64.Build.0 = Debug|x64
		{231B09B0-0890-4FEE-BCF6-9A3D3B914AA8}.Debug|x86.ActiveCfg = Debug|Win32
		{231B09B0-0890-4FEE-BCF6-9A3D3B914AA8}.Debug|x86.Build.0 = Debug|Win32
		{231B09B0-0890-4FEE-BCF6-9A3D3B914AA8}.Release|Win32.ActiveCfg = Release|Win32
		{231B09B0-0890-4FEE-BCF6-9A3D3B914AA8}.Release|Win32.Build.0 = Release|Win32
		{231B09B0-0890-4FEE-BCF6-9A3D3B914AA8}.Release|x64.ActiveCfg = Release|x64
		{231B09B0-0890-4FEE-BCF6-9A3D3B914AA8}.Release|x64.Build.0 = Release|x64
		{231B09B0-0890-4FEE-BCF6-9A3D3B914AA8}.Release|x86.ActiveCfg = Release|Win32
		{231B09B0-0890-4FEE-BCF6-9A3D3B914AA8}.Release|x86.Build.0 = Release|Win32
		{A0698F99-47C8-4CC1-AB7E-1DD972A4B86B}.Debug|Win32.ActiveCfg = Debug|Win32
		{A0698F99-47C8-4CC1-AB7E-1DD972A4B86B}.Debug|Win32.Build.0 = Debug|Win32
		{A0698F99-47C8-4CC1-AB7E-1DD972A4B86B}.Debug|x64.ActiveCfg = Debug|x64
		{A0698F99-47C8-4CC1-AB7E-1DD972A4B86B}.Debug|x64.Build.0 = Debug|x64
		{A0698F99-47C8-4CC1-AB7E-1DD972A4B86B}.Debug|x86.ActiveCfg = Debug|Win32
		{A0698F99-47C8-4CC1-AB7E-1DD972A4B86B}.Debug|x86.Build.0 = Debug|Win32
		{A0698F99-47C8-4CC1-AB7E-1DD972A4B86B}.Release|Win32.ActiveCfg = Release|Win32
		{A0698F99-47C8-4CC1-AB7E-1DD972A4B86B}.Release|Win32.Build.0 = Release|Win32
		{A0698F99-47C8-4CC1-AB7E-1DD972A4B86B}.Release|x64.ActiveCfg = Release|x64
		{A0698F99-47C8-4CC1-AB7E-1DD972A4B86B}.Release|x64.Build.0 = Release|x64
		{A0698F99-47C8-4CC1-AB7E-1DD972A4B86B}.Release|x86.ActiveCfg = Release|Win32
		{A0698F99-47C8-4CC1-AB7E-1DD972A4B86B}.Release|x86.Build.0 = Release|Win32
		{13AB57BA-CD2D-4317-A3E8-A5BFD0A600FC}.Debug|Win32.ActiveCfg = Debug|Win32
		{13AB57BA-CD2D-4317-A3E8-A5BFD0A600FC}.Debug|Win32.Build.0 = Debug|Win32
		{13AB57BA-CD2D-4317-A3E8-A5BFD0A600FC}.Debug|x64.ActiveCfg = Debug|x64
		{13AB57BA-CD2D-4317-A3E8-A5BFD0A600FC}.Debug|x64.Build.0 = Debug|x64
		{13AB57BA-CD2D-4317-A3E8-A5BFD0A600FC}.Debug|x86.ActiveCfg = Debug|Win32
		{13AB57BA-CD2D-4317-A3E8-A5BFD0A600FC}.Debug|x86.Build.0 = Debug|Win32
		{13AB57BA-CD2D-4317-A3E8-A5BFD0A600FC}.Release|Win32.ActiveCfg = Release|Win32
		{13AB57BA-CD2D-4317-A3E8-A5BFD0A600FC}.Release|Win32.Build.0 = Release|Win32
		{13AB57BA-CD2D-4317-A3E8-A5BFD0A600FC}.Release|x64.ActiveCfg = Release|x64
		{13AB57BA-CD2D-4317-A3E8-A5BFD0A600FC}.Release|x64.Build.0 = Release|x64
		{13AB57BA-CD2D-4317-A3E8-A5BFD0A600FC}.Release|x86.ActiveCfg = Release|Win32
		{13AB57BA-CD2D-4317-A3E8-A5BFD0A600FC}.Release|x86.Build.0 = Release|Win32
		{12DBA0BC-A0D5-401D-A049-8C6546243F86}.Debug|Win32.ActiveCfg = Debug|Win32
		{12DBA0BC-A0D5-401D-A049-8C6546243F86}.Debug|Win32.Build.0 = Debug|Win32
		{12DBA0BC-A0D5-401D-A049-8C6546243F86}.Debug|x64.ActiveCfg = Debug|x64
		{12DBA0BC-A0D5-401D-A049-8C6546243F86}.Debug|x64.Build.0 = Debug|x64
		{12DBA0BC-A0D5-401D-A049-8C6546243F86}.Debug|x86.ActiveCfg = Debug|Win32
		{12DBA0BC-A0D5-401D-A049-8C6546243F86}.Debug|x86.Build.0 = Debug|Win32
		{12DBA0BC-A0D5-401D-A049-8C6546243F86}.Release|Win32.ActiveCfg = Release|Win32
		{12DBA0BC-A0D5-401D-A049-8C6546243F86}.Release|Win32.Build.0 = Release|Win32
		{12DBA0BC-A0D5-401D-A049-8C6546243F86}.Release|x64.ActiveCfg = Release|x64
		{12DBA0BC-A0D5-401D-A049-8C6546243F86}.Release|x64.Build.0 = Release|x64
		{12DBA0BC-A0D5-401D-A049-8C6546243F86}.Release|x86.ActiveCfg = Release|Win32
		{12DBA0BC-A0D5-401D-A049-8C6546243F86}.Release|x86.Build.0 = Release|Win32
		{7249FF8B-F13D-42A4-8604-22E96C1FDB4C}.Debug|Win32.ActiveCfg = Debug|Win32
		{7249FF8B-F13D-42A4-8604-22E96C1FDB4C}.Debug|Win32.Build.0 = Debug|Win32
		{7249FF8B-F13D-42A4-8604-22E96C1FDB4C}.Debug|x64.ActiveCfg = Debug|x64
		{7249FF8B-F13D-42A4-8604-22E96C1FDB4C}.Debug|x64.Build.0 = Debug|x64
		{7249FF8B-F13D-42A4-8604-22E96C1FDB4C}.Debug|x86.ActiveCfg = Debug|Win32
		{7249FF8B-F13D-42A4-8604-22E96C1FDB4C}.Debug|x86.Build.0 = Debug|Win32
		{7249FF8B-F13D-42A4-8604-22E96C1FDB4C}.Release|Win32.ActiveCfg = Release|Win32
		{7249FF8B-F13D-42A4-8604-22E96C1FDB4C}.Release|Win32.Build.0 = Release|Win32
		{7249FF8B-F13D-42A4-8604-22E96C1FDB4C}.Release|x64.ActiveCfg = Release|x64
		{7249FF8B-F13D-42A4-8604-22E96C1FDB4C}.Release|x64.Build.0 = Release|x64
		{7249FF8B-F13D-42A4-8604-22E96C1FDB4C}.Release|x86.ActiveCfg = Release|Win32
		{7249FF8B-F13D-42A4-8604-22E96C1FDB4C}.Release|x86.Build.0 = Release|Win32
		{C0FA9C32-A8F1-4510-BF73-51A85845C0DC}.Debug|Win32.ActiveCfg = Debug|Win32
		{C0FA9C32-A8F1-4510-BF73-51A85845C0DC}.Debug|Win32.Build.0 = Debug|Win32
		{C0FA9C32-A8F1-4510-BF73-51A85845C0DC}.Debug|x64.ActiveCfg = Debug|Win32
		{C0FA9C32-A8F1-4510-BF73-51A85845C0DC}.Debug|x86.ActiveCfg = Debug|Win32
		{C0FA9C32-A8F1-4510-BF73-51A85845C0DC}.Debug|x86.Build.0 = Debug|Win32
		{C0FA9C32-A8F1-4510-BF73-51A85845C0DC}.Release|Win32.ActiveCfg = Release|Win32
		{C0FA9C32-A8F1-4510-BF73-51A85845C0DC}.Release|Win32.Build.0 = Release|Win32
		{C0FA9C32-A8F1-4510-BF73-51A85845C0DC}.Release|x64.ActiveCfg = Release|Win32
		{C0FA9C32-A8F1-4510-BF73-51A85845C0DC}.Release|x86.ActiveCfg = Release|Win32
		{C0FA9C32-A8F1-4510-BF73-51A85845C0DC}.Release|x86.Build.0 = Release|Win32
		{E3E92246-2AE8-4710-8BF7-A2EB3D3816F7}.Debug|Win32.ActiveCfg = Debug|Win32
		{E3E92246-2AE8-4710-8BF7-A2EB3D3816F7}.Debug|Win32.Build.0 = Debug|Win32
		{E3E92246-2AE8-4710-8BF7-A2EB3D3816F7}.Debug|x64.ActiveCfg = Debug|Win32
		{E3E92246-2AE8-4710-8BF7-A2EB3D3816F7}.Debug|x86.ActiveCfg = Debug|Win32
		{E3E92246-2AE8-4710-8BF7-A2EB3D3816F7}.Debug|x86.Build.0 = Debug|Win32
		{E3E92246-2AE8-4710-8BF7-A2EB3D3816F7}.Release|Win32.ActiveCfg = Release|Win32
		{E3E92246-2AE8-4710-8BF7-A2EB3D3816F7}.Release|Win32.Build.0 = Release|Win32
		{E3E92246-2AE8-4710-8BF7-A2EB3D3816F7}.Release|x64.ActiveCfg = Release|Win32
		{E3E92246-2AE8-4710-8BF7-A2EB3D3816F7}.Release|x86.ActiveCfg = Release|Win32
		{E3E92246-2AE8-4710-8BF7-A2EB3D3816F7}.Release|x86.Build.0 = Release|Win32
		{E28C2B22-566D-40B4-9D92-F9782ED53BBC}.Debug|Win32.ActiveCfg = Debug|Win32
		{E28C2B22-566D-40B4-9D92-F9782ED53BBC}.Debug|Win32.Build.0 = Debug|Win32
		{E28C2B22-566D-40B4-9D92-F9782ED53BBC}.Debug|x64.ActiveCfg = Debug|Win32
		{E28C2B22-566D-40B4-9D92-F9782ED53BBC}.Debug|x86.ActiveCfg = Debug|Win32
		{E28C2B22-566D-40B4-9D92-F9782ED53BBC}.Debug|x86.Build.0 = Debug|Win32
		{E28C2B22-566D-40B4-9D92-F9782ED53BBC}.Release|Win32.ActiveCfg = Release|Win32
		{E28C2B22-566D-40B4-9D92-F9782ED53BBC}.Release|Win32.Build.0 = Release|Win32
		{E28C2B22-566D-40B4-9D92-F9782ED53BBC}.Release|x64.ActiveCfg = Release|Win32
		{E28C2B22-566D-40B4-9D92-F9782ED53BBC}.Release|x86.ActiveCfg = Release|Win32
		{E28C2B22-566D-40B4-9D92-F9782ED53BBC}.Release|x86.Build.0 = Release|Win32
		{284FF25B-C314-4A09-ADBB-CCF7C366C706}.Debug|Win32.ActiveCfg = Debug|Win32
		{284FF25B-C314-4A09-ADBB-CCF7C366C706}.Debug|Win32.Build.0 = Debug|Win32
		{284FF25B-C314-4A09-ADBB-CCF7C366C706}.Debug|x64.ActiveCfg = Debug|Win32
		{284FF25B-C314-4A09-ADBB-CCF7C366C706}.Debug|x86.ActiveCfg = Debug|Win32
		{284FF25B-C314-4A09-ADBB-CCF7C366C706}.Debug|x86.Build.0 = Debug|Win32
		{284FF25B-C314-4A09-ADBB-CCF7C366C706}.Release|Win32.ActiveCfg = Release|Win32
		{284FF25B-C314-4A09-ADBB-CCF7C366C706}.Release|Win32.Build.0 = Release|Win32
		{284FF25B-C314-4A09-ADBB-CCF7C366C706}.Release|x64.ActiveCfg = Release|Win32
		{284FF25B-C314-4A09-ADBB-CCF7C366C706}.Release|x86.ActiveCfg = Release|Win32
		{284FF25B-C314-4A09-ADBB-CCF7C366C706}.Release|x86.Build.0 = Release|Win32
		{F0DEFED3-8A9E-470A-A595-58CAE77832AF}.Debug|Win32.ActiveCfg = Debug|Win32
		{F0DEFED3-8A9E-470A-A595-58CAE77832AF}.Debug|Win32.Build.0 = Debug|Win32
		{F0DEFED3-8A9E-470A-A595-58CAE77832AF}.Debug|x64.ActiveCfg = Debug|Win32
		{F0DEFED3-8A9E-470A-A595-58CAE77832AF}.Debug|x86.ActiveCfg = Debug|Win32
		{F0DEFED3-8A9E-470A-A595-58CAE77832AF}.Debug|x86.Build.0 = Debug|Win32
		{F0DEFED3-8A9E-470A-A595-58CAE77832AF}.Release|Win32.ActiveCfg = Release|Win32
		{F0DEFED3-8A9E-470A-A595-58CAE77832AF}.Release|Win32.Build.0 = Release|Win32
		{F0DEFED3-8A9E-470A-A595-58CAE77832AF}.Release|x64.ActiveCfg = Release|Win32
		{F0DEFED3-8A9E-470A-A595-58CAE77832AF}.Release|x86.ActiveCfg = Release|Win32
		{F0DEFED3-8A9E-470A-A595-58CAE77832AF}.Release|x86.Build.0 = Release|Win32
		{3806672E-502D-4D19-968F-1A13FCFE77C9}.Debug|Win32.ActiveCfg = Debug|Win32
		{3806672E-502D-4D19-968F-1A13FCFE77C9}.Debug|Win32.Build.0 = Debug|Win32
		{3806672E-502D-4D19-968F-1A13FCFE77C9}.Debug|x64.ActiveCfg = Debug|Win32
		{3806672E-502D-4D19-968F-1A13FCFE77C9}.Debug|x86.ActiveCfg = Debug|Win32
		{3806672E-502D-4D19-968F-1A13FCFE77C9}.Debug|x86.Build.0 = Debug|Win32
		{3806672E-502D-4D19-968F-1A13FCFE77C9}.Release|Win32.ActiveCfg = Release|Win32
		{3806672E-502D-4D19-968F-1A13FCFE77C9}.Release|Win32.Build.0 = Release|Win32
		{3806672E-502D-4D19-968F-1A13FCFE77C9}.Release|x64.ActiveCfg = Release|Win32
		{3806672E-502D-4D19-968F-1A13FCFE77C9}.Release|x86.ActiveCfg = Release|Win32
		{3806672E-502D-4D19-968F-1A13FCFE77C9}.Release|x86.Build.0 = Release|Win32
		{7CDC384D-4FEE-4833-9DC9-80B91E069A7F}.Debug|Win32.ActiveCfg = Debug|Win32
		{7CDC384D-4FEE-4833-9DC9-80B91E069A7F}.Debug|Win32.Build.0 = Debug|Win32
		{7CDC384D-4FEE-4833-9DC9-80B91E069A7F}.Debug|x64.ActiveCfg = Debug|Win32
		{7CDC384D-4FEE-4833-9DC9-80B91E069A7F}.Debug|x86.ActiveCfg = Debug|Win32
		{7CDC384D-4FEE-4833-9DC9-80B91E069A7F}.Debug|x86.Build.0 = Debug|Win32
		{7CDC384D-4FEE-4833-9DC9-80B91E069A7F}.Release|Win32.ActiveCfg = Release|Win32
		{7CDC384D-4FEE-4833-9DC9-80B91E069A7F}.Release|Win32.Build.0 = Release|Win32
		{7CDC384D-4FEE-4833-9DC9-80B91E069A7F}.Release|x64.ActiveCfg = Release|Win32
		{7CDC384D-4FEE-4833-9DC9-80B91E069A7F}.Release|x86.ActiveCfg = Release|Win32
		{7CDC384D-4FEE-4833-9DC9-80B91E069A7F}.Release|x86.Build.0 = Release|Win32
		{A73371C3-69A6-4B0D-B49B-9F93243F3480}.Debug|Win32.ActiveCfg = Debug|Win32
		{A73371C3-69A6-4B0D-B49B-9F93243F3480}.Debug|Win32.Build.0 = Debug|Win32
		{A73371C3-69A6-4B0D-B49B-9F93243F3480}.Debug|x64.ActiveCfg = Debug|Win32
		{A73371C3-69A6-4B0D-B49B-9F93243F3480}.Debug|x86.ActiveCfg = Debug|Win32
		{A73371C3-69A6-4B0D-B49B-9F93243F3480}.Debug|x86.Build.0 = Debug|Win32
		{A73371C3-69A6-4B0D-B49B-9F93243F3480}.Release|Win32.ActiveCfg = Release|Win32
		{A73371C3-69A6-4B0D-B49B-9F93243F3480}.Release|Win32.Build.0 = Release|Win32
		{A73371C3-69A6-4B0D-B49B-9F93243F3480}.Release|x64.ActiveCfg = Release|Win32
		{A73371C3-69A6-4B0D-B49B-9F93243F3480}.Release|x86.ActiveCfg = Release|Win32
		{A73371C3-69A6-4B0D-B49B-9F93243F3480}.Release|x86.Build.0 = Release|Win32
		{1953DC1B-D9A6-4C32-974F-BE733FB315DA}.Debug|Win32.ActiveCfg = Debug|Win32
		{1953DC1B-D9A6-4C32-974F-BE733FB315DA}.Debug|Win32.Build.0 = Debug|Win32
		{1953DC1B-D9A6-4C32-974F-BE733FB315DA}.Debug|x64.ActiveCfg = Debug|Win32
		{1953DC1B-D9A6-4C32-974F-BE733FB315DA}.Debug|x86.ActiveCfg = Debug|Win32
		{1953DC1B-D9A6-4C32-974F-BE733FB315DA}.Debug|x86.Build.0 = Debug|Win32
		{1953DC1B-D9A6-4C32-974F-BE733FB315DA}.Release|Win32.ActiveCfg = Release|Win32
		{1953DC1B-D9A6-4C32-974F-BE733FB315DA}.Release|Win32.Build.0 = Release|Win32
		{1953DC1B-D9A6-4C32-974F-BE733FB315DA}.Release|x64.ActiveCfg = Release|Win32
		{1953DC1B-D9A6-4C32-974F-BE733FB315DA}.Release|x86.ActiveCfg = Release|Win32
		{1953DC1B-D9A6-4C32-974F-BE733FB315DA}.Release|x86.Build.0 = Release|Win32
		{D60ADC54-B4C3-4EE7-ACB9-D8AD951E69AC}.Debug|Win32.ActiveCfg = Debug|Win32
		{D60ADC54-B4C3-4EE7-ACB9-D8AD951E69AC}.Debug|Win32.Build.0 = Debug|Win32
		{D60ADC54-B4C3-4EE7-ACB9-D8AD951E69AC}.Debug|x64.ActiveCfg = Debug|Win32
		{D60ADC54-B4C3-4EE7-ACB9-D8AD951E69AC}.Debug|x86.ActiveCfg = Debug|Win32
		{D60ADC54-B4C3-4EE7-ACB9-D8AD951E69AC}.Debug|x86.Build.0 = Debug|Win32
		{D60ADC54-B4C3-4EE7-ACB9-D8AD951E69AC}.Release|Win32.ActiveCfg = Release|Win32
		{D60ADC54-B4C3-4EE7-ACB9-D8AD951E69AC}.Release|Win32.Build.0 = Release|Win32
		{D60ADC54-B4C3-4EE7-ACB9-D8AD951E69AC}.Release|x64.ActiveCfg = Release|Win32
		{D60ADC54-B4C3-4EE7-ACB9-D8AD951E69AC}.Release|x86.ActiveCfg = Release|Win32
		{D60ADC54-B4C3-4EE7-ACB9-D8AD951E69AC}.Release|x86.Build.0 = Release|Win32
		{69324CEF-D5CF-4370-8F0A-B338C326E58D}.Debug|Win32.ActiveCfg = Debug|Win32
		{69324CEF-D5CF-4370-8F0A-B338C326E58D}.Debug|Win32.Build.0 = Debug|Win32
		{69324CEF-D5CF-4370-8F0A-B338C326E58D}.Debug|x64.ActiveCfg = Debug|Win32
		{69324CEF-D5CF-4370-8F0A-B338C326E58D}.Debug|x86.ActiveCfg = Debug|Win32
		{69324CEF-D5CF-4370-8F0A-B338C326E58D}.Debug|x86.Build.0 = Debug|Win32
		{69324CEF-D5CF-4370-8F0A-B338C326E58D}.Release|Win32.ActiveCfg = Release|Win32
		{69324CEF-D5CF-4370-8F0A-B338C326E58D}.Release|Win32.Build.0 = Release|Win32
		{69324CEF-D5CF-4370-8F0A-B338C326E58D}.Release|x64.ActiveCfg = Release|Win32
		{69324CEF-D5CF-4370-8F0A-B338C326E58D}.Release|x86.ActiveCfg = Release|Win32
		{69324CEF-D5CF-4370-8F0A-B338C326E58D}.Release|x86.Build.0 = Release|Win32
		{C8B6D90C-4650-4F5D-AC52-152DAFF34C55}.Debug|Win32.ActiveCfg = Debug|Win32
		{C8B6D90C-4650-4F5D-AC52-152DAFF34C55}.Debug|Win32.Build.0 = Debug|Win32
		{C8B6D90C-4650-4F5D-AC52-152DAFF34C55}.Debug|x64.ActiveCfg = Debug|Win32
		{C8B6D90C-4650-4F5D-AC52-152DAFF34C55}.Debug|x86.ActiveCfg = Debug|Win32
		{C8B6D90C-4650-4F5D-AC52-152DAFF34C55}.Debug|x86.Build.0 = Debug|Win32
		{C8B6D90C-4650-4F5D-AC52-152DAFF34C55}.Release|Win32.ActiveCfg = Release|Win32
		{C8B6D90C-4650-4F5D-AC52-152DAFF34C55}.Release|Win32.Build.0 = Release|Win32
		{C8B6D90C-4650-4F5D-AC52-152DAFF34C55}.Release|x64.ActiveCfg = Release|Win32
		{C8B6D90C-4650-4F5D-AC52-152DAFF34C55}.Release|x86.ActiveCfg = Release|Win32
		{C8B6D90C-4650-4F5D-AC52-152DAFF34C55}.Release|x86.Build.0 = Release|Win32
		{8409799E-FEC8-410F-BE58-D2F056E85015}.Debug|Win32.ActiveCfg = Debug|Win32
		{8409799E-FEC8-410F-BE58-D2F056E85015}.Debug|Win32.Build.0 = Debug|Win32
		{8409799E-FEC8-410F-BE58-D2F056E85015}.Debug|x64.ActiveCfg = Debug|Win32
		{8409799E-FEC8-410F-BE58-D2F056E85015}.Debug|x86.ActiveCfg = Debug|Win32
		{8409799E-FEC8-410F-BE58-D2F056E85015}.Debug|x86.Build.0 = Debug|Win32
		{8409799E-FEC8-410F-BE58-D2F056E85015}.Release|Win32.ActiveCfg = Release|Win32
		{8409799E-FEC8-410F-BE58-D2F056E85015}.Release|Win32.Build.0 = Release|Win32
		{8409799E-FEC8-410F-BE58-D2F056E85015}.Release|x64.ActiveCfg = Release|Win32
		{8409799E-FEC8-410F-BE58-D2F056E85015}.Release|x86.ActiveCfg = Release|Win32
		{8409799E-FEC8-410F-BE58-D2F056E85015}.Release|x86.Build.0 = Release|Win32
		{0D5A5515-6F6A-4C46-8881-50FEF136FD38}.Debug|Win32.ActiveCfg = Debug|Win32
		{0D5A5515-6F6A-4C46-8881-50FEF136FD38}.Debug|Win32.Build.0 = Debug|Win32
		{0D5A5515-6F6A-4C46-8881-50FEF136FD38}.Debug|x64.ActiveCfg = Debug|Win32
		{0D5A5515-6F6A-4C46-8881-50FEF136FD38}.Debug|x86.ActiveCfg = Debug|Win32
		{0D5A5515-6F6A-4C46-8881-50FEF136FD38}.Debug|x86.Build.0 = Debug|Win32
		{0D5A5515-6F6A-4C46-8881-50FEF136FD38}.Release|Win32.ActiveCfg = Release|Win32
		{0D5A5515-6F6A-4C46-8881-50FEF136FD38}.Release|Win32.Build.0 = Release|Win32
		{0D5A5515-6F6A-4C46-8881-50FEF136FD38}.Release|x64.ActiveCfg = Release|Win32
		{0D5A5515-6F6A-4C46-8881-50FEF136FD38}.Release|x86.ActiveCfg = Release|Win32
		{0D5A5515-6F6A-4C46-8881-50FEF136FD38}.Release|x86.Build.0 = Release|Win32
		{64B07F80-CE07-46C9-9573-38A32FC65923}.Debug|Win32.ActiveCfg = Debug|Win32
		{64B07F80-CE07-46C9-9573-38A32FC65923}.Debug|Win32.Build.0 = Debug|Win32
		{64B07F80-CE07-46C9-9573-38A32FC65923}.Debug|x64.ActiveCfg = Debug|Win32
		{64B07F80-CE07-46C9-9573-38A32FC65923}.Debug|x86.ActiveCfg = Debug|Win32
		{64B07F80-CE07-46C9-9573-38A32FC65923}.Debug|x86.Build.0 = Debug|Win32
		{64B07F80-CE07-46C9-9573-38A32FC65923}.Release|Win32.ActiveCfg = Release|Win32
		{64B07F80-CE07-46C9-9573-38A32FC65923}.Release|Win32.Build.0 = Release|Win32
		{64B07F80-CE07-46C9-9573-38A32FC65923}.Release|x64.ActiveCfg = Release|Win32
		{64B07F80-CE07-46C9-9573-38A32FC65923}.Release|x86.ActiveCfg = Release|Win32
		{64B07F80-CE07-46C9-9573-38A32FC65923}.Release|x86.Build.0 = Release|Win32
		{EAA7D7EF-5CE5-4DD3-B9F5-FE1F5BD4DB82}.Debug|Win32.ActiveCfg = Debug|Win32
		{EAA7D7EF-5CE5-4DD3-B9F5-FE1F5BD4DB82}.Debug|Win32.Build.0 = Debug|Win32
		{EAA7D7EF-5CE5-4DD3-B9F5-FE1F5BD4DB82}.Debug|x64.ActiveCfg = Debug|Win32
		{EAA7D7EF-5CE5-4DD3-B9F5-FE1F5BD4DB82}.Debug|x86.ActiveCfg = Debug|Win32
		{EAA7D7EF-5CE5-4DD3-B9F5-FE1F5BD4DB82}.Debug|x86.Build.0 = Debug|Win32
		{EAA7D7EF-5CE5-4DD3-B9F5-FE1F5BD4DB82}.Release|Win32.ActiveCfg = Release|Win32
		{EAA7D7EF-5CE5-4DD3-B9F5-FE1F5BD4DB82}.Release|Win32.Build.0 = Release|Win32
		{EAA7D7EF-5CE5-4DD3-B9F5-FE1F5BD4DB82}.Release|x64.ActiveCfg = Release|Win32
		{EAA7D7EF-5CE5-4DD3-B9F5-FE1F5BD4DB82}.Release|x86.ActiveCfg = Release|Win32
		{EAA7D7EF-5CE5-4DD3-B9F5-FE1F5BD4DB82}.Release|x86.Build.0 = Release|Win32
		{AA69BF2B-B2B3-4B8B-826E-EF24676CEACB}.Debug|Win32.ActiveCfg = Debug|Win32
		{AA69BF2B-B2B3-4B8B-826E-EF24676CEACB}.Debug|Win32.Build.0 = Debug|Win32
		{AA69BF2B-B2B3-4B8B-826E-EF24676CEACB}.Debug|x64.ActiveCfg = Debug|Win32
		{AA69BF2B-B2B3-4B8B-826E-EF24676CEACB}.Debug|x86.ActiveCfg = Debug|Win32
		{AA69BF2B-B2B3-4B8B-826E-EF24676CEACB}.Debug|x86.Build.0 = Debug|Win32
		{AA69BF2B-B2B3-4B8B-826E-EF24676CEACB}.Release|Win32.ActiveCfg = Release|Win32
		{AA69BF2B-B2B3-4B8B-826E-EF24676CEACB}.Release|Win32.Build.0 = Release|Win32
		{AA69BF2B-B2B3-4B8B-826E-EF24676CEACB}.Release|x64.ActiveCfg = Release|Win32
		{AA69BF2B-B2B3-4B8B-826E-EF24676CEACB}.Release|x86.ActiveCfg = Release|Win32
		{AA69BF2B-B2B3-4B8B-826E-EF24676CEACB}.Release|x86.Build.0 = Release|Win32
		{D21EA616-6DC5-428D-AE2D-A9E1CF5384B0}.Debug|Win32.ActiveCfg = Debug|Win32
		{D21EA616-6DC5-428D-AE2D-A9E1CF5384B0}.Debug|Win32.Build.0 = Debug|Win32
		{D21EA616-6DC5-428D-AE2D-A9E1CF5384B0}.Debug|x64.ActiveCfg = Debug|Win32
		{D21EA616-6DC5-428D-AE2D-A9E1CF5384B0}.Debug|x86.ActiveCfg = Debug|Win32
		{D21EA616-6DC5-428D-AE2D-A9E1CF5384B0}.Debug|x86.Build.0 = Debug|Win32
		{D21EA616-6DC5-428D-AE2D-A9E1CF5384B0}.Release|Win32.ActiveCfg = Release|Win32
		{D21EA616-6DC5-428D-AE2D-A9E1CF5384B0}.Release|Win32.Build.0 = Release|Win32
		{D21EA616-6DC5-428D-AE2D-A9E1CF5384B0}.Release|x64.ActiveCfg = Release|Win32
		{D21EA616-6DC5-428D-AE2D-A9E1CF5384B0}.Release|x86.ActiveCfg = Release|Win32
		{D21EA616-6DC5-428D-AE2D-A9E1CF5384B0}.Release|x86.Build.0 = Release|Win32
		{F6A4CA6C-2814-435C-8299-F76AF16DD72F}.Debug|Win32.ActiveCfg = Debug|Win32
		{F6A4CA6C-2814-435C-8299-F76AF16DD72F}.Debug|Win32.Build.0 = Debug|Win32
		{F6A4CA6C-2814-435C-8299-F76AF16DD72F}.Debug|x64.ActiveCfg = Debug|Win32
		{F6A4CA6C-2814-435C-8299-F76AF16DD72F}.Debug|x86.ActiveCfg = Debug|Win32
		{F6A4CA6C-2814-435C-8299-F76AF16DD72F}.Debug|x86.Build.0 = Debug|Win32
		{F6A4CA6C-2814-435C-8299-F76AF16DD72F}.Release|Win32.ActiveCfg = Release|Win32
		{F6A4CA6C-2814-435C-8299-F76AF16DD72F}.Release|Win32.Build.0 = Release|Win32
		{F6A4CA6C-2814-435C-8299-F76AF16DD72F}.Release|x64.ActiveCfg = Release|Win32
		{F6A4CA6C-2814-435C-8299-F76AF16DD72F}.Release|x86.ActiveCfg = Release|Win32
		{F6A4CA6C-2814-435C-8299-F76AF16DD72F}.Release|x86.Build.0 = Release|Win32
		{079ED28A-5D6E-4113-BCD3-1587212503A0}.Debug|Win32.ActiveCfg = Debug|Win32
		{079ED28A-5D6E-4113-BCD3-1587212503A0}.Debug|Win32.Build.0 = Debug|Win32
		{079ED28A-5D6E-4113-BCD3-1587212503A0}.Debug|x64.ActiveCfg = Debug|x64
		{079ED28A-5D6E-4113-BCD3-1587212503A0}.Debug|x64.Build.0 = Debug|x64
		{079ED28A-5D6E-4113-BCD3-1587212503A0}.Debug|x86.ActiveCfg = Debug|Win32
		{079ED28A-5D6E-4113-BCD3-1587212503A0}.Debug|x86.Build.0 = Debug|Win32
		{079ED28A-5D6E-4113-BCD3-1587212503A0}.Release|Win32.ActiveCfg = Release|Win32
		{079ED28A-5D6E-4113-BCD3-1587212503A0}.Release|Win32.Build.0 = Release|Win32
		{079ED28A-5D6E-4113-BCD3-1587212503A0}.Release|x64.ActiveCfg = Release|x64
		{079ED28A-5D6E-4113-BCD3-1587212503A0}.Release|x64.Build.0 = Release|x64
		{079ED28A-5D6E-4113-BCD3-1587212503A0}.Release|x86.ActiveCfg = Release|Win32
		{079ED28A-5D6E-4113-BCD3-1587212503A0}.Release|x86.Build.0 = Release|Win32
		{3029DA0E-9E0B-4BCB-9608-F208D158D5D0}.Debug|Win32.ActiveCfg = Debug|Win32
		{3029DA0E-9E0B-4BCB-9608-F208D158D5D0}.Debug|Win32.Build.0 = Debug|Win32
		{3029DA0E-9E0B-4BCB-9608-F208D158D5D0}.Debug|x64.ActiveCfg = Debug|x64
		{3029DA0E-9E0B-4BCB-9608-F208D158D5D0}.Debug|x64.Build.0 = Debug|x64
		{3029DA0E-9E0B-4BCB-9608-F208D158D5D0}.Debug|x86.ActiveCfg = Debug|Win32
		{3029DA0E-9E0B-4BCB-9608-F208D158D5D0}.Debug|x86.Build.0 = Debug|Win32
		{3029DA0E-9E0B-4BCB-9608-F208D158D5D0}.Release|Win32.ActiveCfg = Release|Win32
		{3029DA0E-9E0B-4BCB-9608-F208D158D5D0}.Release|Win32.Build.0 = Release|Win32
		{3029DA0E-9E0B-4BCB-9608-F208D158D5D0}.Release|x64.ActiveCfg = Release|x64
		{3029DA0E-9E0B-4BCB-9608-F208D158D5D0}.Release|x64.Build.0 = Release|x64
		{3029DA0E-9E0B-4BCB-9608-F208D158D5D0}.Release|x86.ActiveCfg = Release|Win32
		{3029DA0E-9E0B-4BCB-9608-F208D158D5D0}.Release|x86.Build.0 = Release|Win32
		{4E72DDE6-7246-4569-8F40-3FC2E8370162}.Debug|Win32.ActiveCfg = Debug|Win32
		{4E72DDE6-7246-4569-8F40-3FC2E8370162}.Debug|Win32.Build.0 = Debug|Win32
		{4E72DDE6-7246-4569-8F40-3FC2E8370162}.Debug|x64.ActiveCfg = Debug|x64
		{4E72DDE6-7246-4569-8F40-3FC2E8370162}.Debug|x64.Build.0 = Debug|x64
		{4E72DDE6-7246-4569-8F40-3FC2E8370162}.Debug|x86.ActiveCfg = Debug|Win32
		{4E72DDE6-7246-4569-8F40-3FC2E8370162}.Debug|x86.Build.0 = Debug|Win32
		{4E72DDE6-7246-4569-8F40-3FC2E8370162}.Release|Win32.ActiveCfg = Release|Win32
		{4E72DDE6-7246-4569-8F40-3FC2E8370162}.Release|Win32.Build.0 = Release|Win32
		{4E72DDE6-7246-4569-8F40-3FC2E8370162}.Release|x64.ActiveCfg = Release|x64
		{4E72DDE6-7246-4569-8F40-3FC2E8370162}.Release|x64.Build.0 = Release|x64
		{4E72DDE6-7246-4569-8F40-3FC2E8370162}.Release|x86.ActiveCfg = Release|Win32
		{4E72DDE6-7246-4569-8F40-3FC2E8370162}.Release|x86.Build.0 = Release|Win32
		{BFDCCDE8-77CB-400D-9EF2-0137882E825F}.Debug|Win32.ActiveCfg = Debug|Win32
		{BFDCCDE8-77CB-400D-9EF2-0137882E825F}.Debug|Win32.Build.0 = Debug|Win32
		{BFDCCDE8-77CB-400D-9EF2-0137882E825F}.Debug|x64.ActiveCfg = Debug|x64
		{BFDCCDE8-77CB-400D-9EF2-0137882E825F}.Debug|x64.Build.0 = Debug|x64
		{BFDCCDE8-77CB-400D-9EF2-0137882E825F}.Debug|x86.ActiveCfg = Debug|Win32
		{BFDCCDE8-77CB-400D-9EF2-0137882E825F}.Debug|x86.Build.0 = Debug|Win32
		{BFDCCDE8-77CB-400D-9EF2-0137882E825F}.Release|Win32.ActiveCfg = Release|Win32
		{BFDCCDE8-77CB-400D-9EF2-0137882E825F}.Release|Win32.Build.0 = Release|Win32
		{BFDCCDE8-77CB-400D-9EF2-0137882E825F}.Release|x64.ActiveCfg = Release|x64
		{BFDCCDE8-77CB-400D-9EF2-0137882E825F}.Release|x64.Build.0 = Release|x64
		{BFDCCDE8-77CB-400D-9EF2-0137882E825F}.Release|x86.ActiveCfg = Release|Win32
		{BFDCCDE8-77CB-400D-9EF2-0137882E825F}.Release|x86.Build.0 = Release|Win32
		{18FEE165-CCC0-4378-BB6E-511E68D8DC56}.Debug|Win32.ActiveCfg = Debug|Win32
		{18FEE165-CCC0-4378-BB6E-511E68D8DC56}.Debug|Win32.Build.0 = Debug|Win32
		{18FEE165-CCC0-4378-BB6E-511E68D8DC56}.Debug|x64.ActiveCfg = Debug|x64
		{18FEE165-CCC0-4378-BB6E-511E68D8DC56}.Debug|x64.Build.0 = Debug|x64
		{18FEE165-CCC0-4378-BB6E-511E68D8DC56}.Debug|x86.ActiveCfg = Debug|Win32
		{18FEE165-CCC0-4378-BB6E-511E68D8DC56}.Debug|x86.Build.0 = Debug|Win32
		{18FEE165-CCC0-4378-BB6E-511E68D8DC56}.Release|Win32.ActiveCfg = Release|Win32
		{18FEE165-CCC0-4378-BB6E-511E68D8DC56}.Release|Win32.Build.0 = Release|Win32
		{18FEE165-CCC0-4378-BB6E-511E68D8DC56}.Release|x64.ActiveCfg = Release|x64
		{18FEE165-CCC0-4378-BB6E-511E68D8DC56}.Release|x64.Build.0 = Release|x64
		{18FEE165-CCC0-4378-BB6E-511E68D8DC56}.Release|x86.ActiveCfg = Release|Win32
		{18FEE165-CCC0-4378-BB6E-511E68D8DC56}.Release|x86.Build.0 = Release|Win32
		{D9E1752D-2AA8-4EBA-94DA-BCF3575BCEBF}.Debug|Win32.ActiveCfg = Debug|Win32
		{D9E1752D-2AA8-4EBA-94DA-BCF3575BCEBF}.Debug|Win32.Build.0 = Debug|Win32
		{D9E1752D-2AA8-4EBA-94DA-BCF3575BCEBF}.Debug|x64.ActiveCfg = Debug|x64
		{D9E1752D-2AA8-4EBA-94DA-BCF3575BCEBF}.Debug|x64.Build.0 = Debug|x64
		{D9E1752D-2AA8-4EBA-94DA-BCF3575BCEBF}.Debug|x86.ActiveCfg = Debug|Win32
		{D9E1752D-2AA8-4EBA-94DA-BCF3575BCEBF}.Debug|x86.Build.0 = Debug|Win32
		{D9E1752D-2AA8-4EBA-94DA-BCF3575BCEBF}.Release|Win32.ActiveCfg = Release|Win32
		{D9E1752D-2AA8-4EBA-94DA-BCF3575BCEBF}.Release|Win32.Build.0 = Release|Win32
		{D9E1752D-2AA8-4EBA-94DA-BCF3575BCEBF}.Release|x64.ActiveCfg = Release|x64
		{D9E1752D-2AA8-4EBA-94DA-BCF3575BCEBF}.Release|x64.Build.0 = Release|x64
		{D9E1752D-2AA8-4EBA-94DA-BCF3575BCEBF}.Release|x86.ActiveCfg = Release|Win32
		{D9E1752D-2AA8-4EBA-94DA-BCF3575BCEBF}.Release|x86.Build.0 = Release|Win32
		{C0847082-1D75-4DCB-AFFB-E11ED39B1836}.Debug|Win32.ActiveCfg = Debug|Win32
		{C0847082-1D75-4DCB-AFFB-E11ED39B1836}.Debug|Win32.Build.0 = Debug|Win32
		{C0847082-1D75-4DCB-AFFB-E11ED39B1836}.Debug|x64.ActiveCfg = Debug|x64
		{C0847082-1D75-4DCB-AFFB-E11ED39B1836}.Debug|x64.Build.0 = Debug|x64
		{C0847082-1D75-4DCB-AFFB-E11ED39B1836}.Debug|x86.ActiveCfg = Debug|Win32
		{C0847082-1D75-4DCB-AFFB-E11ED39B1836}.Debug|x86.Build.0 = Debug|Win32
		{C0847082-1D75-4DCB-AFFB-E11ED39B1836}.Release|Win32.ActiveCfg = Release|Win32
		{C0847082-1D75-4DCB-AFFB-E11ED39B1836}.Release|Win32.Build.0 = Release|Win32
		{C0847082-1D75-4DCB-AFFB-E11ED39B1836}.Release|x64.ActiveCfg = Release|x64
		{C0847082-1D75-4DCB-AFFB-E11ED39B1836}.Release|x64.Build.0 = Release|x64
		{C0847082-1D75-4DCB-AFFB-E11ED39B1836}.Release|x86.ActiveCfg = Release|Win32
		{C0847082-1D75-4DCB-AFFB-E11ED39B1836}.Release|x86.Build.0 = Release|Win32
		{69415F8D-DB31-47F1-A465-0EFA52A7E5FF}.Debug|Win32.ActiveCfg = Debug|Win32
		{69415F8D-DB31-47F1-A465-0EFA52A7E5FF}.Debug|Win32.Build.0 = Debug|Win32
		{69415F8D-DB31-47F1-A465-0EFA52A7E5FF}.Debug|x64.ActiveCfg = Debug|x64
		{69415F8D-DB31-47F1-A465-0EFA52A7E5FF}.Debug|x64.Build.0 = Debug|x64
		{69415F8D-DB31-47F1-A465-0EFA52A7E5FF}.Debug|x86.ActiveCfg = Debug|Win32
		{69415F8D-DB31-47F1-A465-0EFA52A7E5FF}.Debug|x86.Build.0 = Debug|Win32
		{69415F8D-DB31-47F1-A465-0EFA52A7E5FF}.Release|Win32.ActiveCfg = Release|Win32
		{69415F8D-DB31-47F1-A465-0EFA52A7E5FF}.Release|Win32.Build.0 = Release|Win32
		{69415F8D-DB31-47F1-A465-0EFA52A7E5FF}.Release|x64.ActiveCfg = Release|x64
		{69415F8D-DB31-47F1-A465-0EFA52A7E5FF}.Release|x64.Build.0 = Release|x64
		{69415F8D-DB31-47F1-A465-0EFA52A7E5FF}.Release|x86.ActiveCfg = Release|Win32
		{69415F8D-DB31-47F1-A465-0EFA52A7E5FF}.Release|x86.Build.0 = Release|Win32
		{22FF122F-8548-45BB-98EC-A35311547743}.Debug|Win32.ActiveCfg = Debug|Win32
		{22FF122F-8548-45BB-98EC-A35311547743}.Debug|Win32.Build.0 = Debug|Win32
		{22FF122F-8548-45BB-98EC-A35311547743}.Debug|x64.ActiveCfg = Debug|x64
		{22FF122F-8548-45BB-98EC-A35311547743}.Debug|x64.Build.0 = Debug|x64
		{22FF122F-8548-45BB-98EC-A35311547743}.Debug|x86.ActiveCfg = Debug|Win32
		{22FF122F-8548-45BB-98EC-A35311547743}.Debug|x86.Build.0 = Debug|Win32
		{22FF122F-8548-45BB-98EC-A35311547743}.Release|Win32.ActiveCfg = Release|Win32
		{22FF122F-8548-45BB-98EC-A35311547743}.Release|Win32.Build.0 = Release|Win32
		{22FF122F-8548-45BB-98EC-A35311547743}.Release|x64.ActiveCfg = Release|x64
		{22FF122F-8548-45BB-98EC-A35311547743}.Release|x64.Build.0 = Release|x64
		{22FF122F-8548-45BB-98EC-A35311547743}.Release|x86.ActiveCfg = Release|Win32
		{22FF122F-8548-45BB-98EC-A35311547743}.Release|x86.Build.0 = Release|Win32
		{EC47D735-FC03-42F3-B2CB-AFE8F3BF56F3}.Debug|Win32.ActiveCfg = Debug|Win32
		{EC47D735-FC03-42F3-B2CB-AFE8F3BF56F3}.Debug|Win32.Build.0 = Debug|Win32
		{EC47D735-FC03-42F3-B2CB-AFE8F3BF56F3}.Debug|x64.ActiveCfg = Debug|x64
		{EC47D735-FC03-42F3-B2CB-AFE8F3BF56F3}.Debug|x64.Build.0 = Debug|x64
		{EC47D735-FC03-42F3-B2CB-AFE8F3BF56F3}.Debug|x86.ActiveCfg = Debug|Win32
		{EC47D735-FC03-42F3-B2CB-AFE8F3BF56F3}.Debug|x86.Build.0 = Debug|Win32
		{EC47D735-FC03-42F3-B2CB-AFE8F3BF56F3}.Release|Win32.ActiveCfg = Release|Win32
		{EC47D735-FC03-42F3-B2CB-AFE8F3BF56F3}.Release|Win32.Build.0 = Release|Win32
		{EC47D735-FC03-42F3-B2CB-AFE8F3BF56F3}.Release|x64.ActiveCfg = Release|x64
		{EC47D735-FC03-42F3-B2CB-AFE8F3BF56F3}.Release|x64.Build.0 = Release|x64
		{EC47D735-FC03-42F3-B2CB-AFE8F3BF56F3}.Release|x86.ActiveCfg = Release|Win32
		{EC47D735-FC03-42F3-B2CB-AFE8F3BF56F3}.Release|x86.Build.0 = Release|Win32
		{45F130B9-1E28-4376-9A66-1B5608E69504}.Debug|Win32.ActiveCfg = Debug|Win32
		{45F130B9-1E28-4376-9A66-1B5608E69504}.Debug|Win32.Build.0 = Debug|Win32
		{45F130B9-1E28-4376-9A66-1B5608E69504}.Debug|x64.ActiveCfg = Debug|x64
		{45F130B9-1E28-4376-9A66-1B5608E69504}.Debug|x64.Build.0 = Debug|x64
		{45F130B9-1E28-4376-9A66-1B5608E69504}.Debug|x86.ActiveCfg = Debug|Win32
		{45F130B9-1E28-4376-9A66-1B5608E69504}.Debug|x86.Build.0 = Debug|Win32
		{45F130B9-1E28-4376-9A66-1B5608E69504}.Release|Win32.ActiveCfg = Release|Win32
		{45F130B9-1E28-4376-9A66-1B5608E69504}.Release|Win32.Build.0 = Release|Win32
		{45F130B9-1E28-4376-9A66-1B5608E69504}.Release|x64.ActiveCfg = Release|x64
		{45F130B9-1E28-4376-9A66-1B5608E69504}.Release|x64.Build.0 = Release|x64
		{45F130B9-1E28-4376-9A66-1B5608E69504}.Release|x86.ActiveCfg = Release|Win32
		{45F130B9-1E28-4376-9A66-1B5608E69504}.Release|x86.Build.0 = Release|Win32
		{B3F41B97-7DA6-4D61-B868-28B920B29DCA}.Debug|Win32.ActiveCfg = Debug|Win32
		{B3F41B97-7DA6-4D61-B868-28B920B29DCA}.Debug|Win32.Build.0 = Debug|Win32
		{B3F41B97-7DA6-4D61-B868-28B920B29DCA}.Debug|x64.ActiveCfg = Debug|x64
		{B3F41B97-7DA6-4D61-B868-28B920B29DCA}.Debug|x64.Build.0 = Debug|x64
		{B3F41B97-7DA6-4D61-B868-28B920B29DCA}.Debug|x86.ActiveCfg = Debug|Win32
		{B3F41B97-7DA6-4D61-B868-28B920B29DCA}.Debug|x86.Build.0 = Debug|Win32
		{B3F41B97-7DA6-4D61-B868-28B920B29DCA}.Release|Win32.ActiveCfg = Release|Win32
		{B3F41B97-7DA6-4D61-B868-28B920B29DCA}.Release|Win32.Build.0 = Release|Win32
		{B3F41B97-7DA6-4D61-B868-28B920B29DCA}.Release|x64.ActiveCfg = Release|x64
		{B3F41B97-7DA6-4D61-B868-28B920B29DCA}.Release|x64.Build.0 = Release|x64
		{B3F41B97-7DA6-4D61-B868-28B920B29DCA}.Release|x86.ActiveCfg = Release|Win32
		{B3F41B97-7DA6-4D61-B868-28B920B29DCA}.Release|x86.Build.0 = Release|Win32
		{086CAC51-F5DF-423C-9BD9-D19B770A0B71}.Debug|Win32.ActiveCfg = Debug|Win32
		{086CAC51-F5DF-423C-9BD9-D19B770A0B71}.Debug|Win32.Build.0 = Debug|Win32
		{086CAC51-F5DF-423C-9BD9-D19B770A0B71}.Debug|x64.ActiveCfg = Debug|x64
		{086CAC51-F5DF-423C-9BD9-D19B770A0B71}.Debug|x64.Build.0 = Debug|x64
		{086CAC51-F5DF-423C-9BD9-D19B770A0B71}.Debug|x86.ActiveCfg = Debug|Win32
		{086CAC51-F5DF-423C-9BD9-D19B770A0B71}.Debug|x86.Build.0 = Debug|Win32
		{086CAC51-F5DF-423C-9BD9-D19B770A0B71}.Release|Win32.ActiveCfg = Release|Win32
		{086CAC51-F5DF-423C-9BD9-D19B770A0B71}.Release|Win32.Build.0 = Release|Win32
		{086CAC51-F5DF-423C-9BD9-D19B770A0B71}.Release|x64.ActiveCfg = Release|x64
		{086CAC51-F5DF-423C-9BD9-D19B770A0B71}.Release|x64.Build.0 = Release|x64
		{086CAC51-F5DF-423C-9BD9-D19B770A0B71}.Release|x86.ActiveCfg = Release|Win32
		{086CAC51-F5DF-423C-9BD9-D19B770A0B71}.Release|x86.Build.0 = Release|Win32
		{543006C7-F025-4A16-BEBA-A2D5AFC4B7B0}.Debug|Win32.ActiveCfg = Debug|Win32
		{543006C7-F025-4A16-BEBA-A2D5AFC4B7B0}.Debug|Win32.Build.0 = Debug|Win32
		{543006C7-F025-4A16-BEBA-A2D5AFC4B7B0}.Debug|x64.ActiveCfg = Debug|x64
		{543006C7-F025-4A16-BEBA-A2D5AFC4B7B0}.Debug|x64.Build.0 = Debug|x64
		{543006C7-F025-4A16-BEBA-A2D5AFC4B7B0}.Debug|x86.ActiveCfg = Debug|Win32
		{543006C7-F025-4A16-BEBA-A2D5AFC4B7B0}.Debug|x86.Build.0 = Debug|Win32
		{543006C7-F025-4A16-BEBA-A2D5AFC4B7B0}.Release|Win32.ActiveCfg = Release|Win32
		{543006C7-F025-4A16-BEBA-A2D5AFC4B7B0}.Release|Win32.Build.0 = Release|Win32
		{543006C7-F025-4A16-BEBA-A2D5AFC4B7B0}.Release|x64.ActiveCfg = Release|x64
		{543006C7-F025-4A16-BEBA-A2D5AFC4B7B0}.Release|x64.Build.0 = Release|x64
		{543006C7-F025-4A16-BEBA-A2D5AFC4B7B0}.Release|x86.ActiveCfg = Release|Win32
		{543006C7-F025-4A16-BEBA-A2D5AFC4B7B0}.Release|x86.Build.0 = Release|Win32
		{34A081BA-F2CE-4242-B69C-E58EB70814C5}.Debug|Win32.ActiveCfg = Debug|Win32
		{34A081BA-F2CE-4242-B69C-E58EB70814C5}.Debug|Win32.Build.0 = Debug|Win32
		{34A081BA-F2CE-4242-B69C-E58EB70814C5}.Debug|x64.ActiveCfg = Debug|x64
		{34A081BA-F2CE-4242-B69C-E58EB70814C5}.Debug|x64.Build.0 = Debug|x64
		{34A081BA-F2CE-4242-B69C-E58EB70814C5}.Debug|x86.ActiveCfg = Debug|Win32
		{34A081BA-F2CE-4242-B69C-E58EB70814C5}.Debug|x86.Build.0 = Debug|Win32
		{34A081BA-F2CE-4242-B69C-E58EB70814C5}.Release|Win32.ActiveCfg = Release|Win32
		{34A081BA-F2CE-4242-B69C-E58EB70814C5}.Release|Win32.Build.0 = Release|Win32
		{34A081BA-F2CE-4242-B69C-E58EB70814C5}.Release|x64.ActiveCfg = Release|x64
		{34A081BA-F2CE-4242-B69C-E58EB70814C5}.Release|x64.Build.0 = Release|x64
		{34A081BA-F2CE-4242-B69C-E58EB70814C5}.Release|x86.ActiveCfg = Release|Win32
		{34A081BA-F2CE-4242-B69C-E58EB70814C5}.Release|x86.Build.0 = Release|Win32
		{7553ED7D-3B53-4043-81E7-1D549388E179}.Debug|Win32.ActiveCfg = Debug|Win32
		{7553ED7D-3B53-4043-81E7-1D549388E179}.Debug|Win32.Build.0 = Debug|Win32
		{7553ED7D-3B53-4043-81E7-1D549388E179}.Debug|x64.ActiveCfg = Debug|x64
		{7553ED7D-3B53-4043-81E7-1D549388E179}.Debug|x64.Build.0 = Debug|x64
		{7553ED7D-3B53-4043-81E7-1D549388E179}.Debug|x86.ActiveCfg = Debug|Win32
		{7553ED7D-3B53-4043-81E7-1D549388E179}.Debug|x86.Build.0 = Debug|Win32
		{7553ED7D-3B53-4043-81E7-1D549388E179}.Release|Win32.ActiveCfg = Release|Win32
		{7553ED7D-3B53-4043-81E7-1D549388E179}.Release|Win32.Build.0 = Release|Win32
		{7553ED7D-3B53-4043-81E7-1D549388E179}.Release|x64.ActiveCfg = Release|x64
		{7553ED7D-3B53-4043-81E7-1D549388E179}.Release|x64.Build.0 = Release|x64
		{7553ED7D-3B53-4043-81E7-1D549388E179}.Release|x86.ActiveCfg = Release|Win32
		{7553ED7D-3B53-4043-81E7-1D549388E179}.Release|x86.Build.0 = Release|Win32
		{A9C4EE12-D536-40CC-9C61-80263DFFA380}.Debug|Win32.ActiveCfg = Debug|Win32
		{A9C4EE12-D536-40CC-9C61-80263DFFA380}.Debug|Win32.Build.0 = Debug|Win32
		{A9C4EE12-D536-40CC-9C61-80263DFFA380}.Debug|x64.ActiveCfg = Debug|x64
		{A9C4EE12-D536-40CC-9C61-80263DFFA380}.Debug|x64.Build.0 = Debug|x64
		{A9C4EE12-D536-40CC-9C61-80263DFFA380}.Debug|x86.ActiveCfg = Debug|Win32
		{A9C4EE12-D536-40CC-9C61-80263DFFA380}.Debug|x86.Build.0 = Debug|Win32
		{A9C4EE12-D536-40CC-9C61-80263DFFA380}.Release|Win32.ActiveCfg = Release|Win32
		{A9C4EE12-D536-40CC-9C61-80263DFFA380}.Release|Win32.Build.0 = Release|Win32
		{A9C4EE12-D536-40CC-9C61-80263DFFA380}.Release|x64.ActiveCfg = Release|x64
		{A9C4EE12-D536-40CC-9C61-80263DFFA380}.Release|x64.Build.0 = Release|x64
		{A9C4EE12-D536-40CC-9C61-80263DFFA380}.Release|x86.ActiveCfg = Release|Win32
		{A9C4EE12-D536-40CC-9C61-80263DFFA380}.Release|x86.Build.0 = Release|Win32
		{9B8C414C-5480-4F79-B177-A2CC956235F0}.Debug|Win32.ActiveCfg = Debug|Win32
		{9B8C414C-5480-4F79-B177-A2CC956235F0}.Debug|Win32.Build.0 = Debug|Win32
		{9B8C414C-5480-4F79-B177-A2CC956235F0}.Debug|x64.ActiveCfg = Debug|x64
		{9B8C414C-5480-4F79-B177-A2CC956235F0}.Debug|x64.Build.0 = Debug|x64
		{9B8C414C-5480-4F79-B177-A2CC956235F0}.Debug|x86.ActiveCfg = Debug|Win32
		{9B8C414C-5480-4F79-B177-A2CC956235F0}.Debug|x86.Build.0 = Debug|Win32
		{9B8C414C-5480-4F79-B177-A2CC956235F0}.Release|Win32.ActiveCfg = Release|Win32
		{9B8C414C-5480-4F79-B177-A2CC956235F0}.Release|Win32.Build.0 = Release|Win32
		{9B8C414C-5480-4F79-B177-A2CC956235F0}.Release|x64.ActiveCfg = Release|x64
		{9B8C414C-5480-4F79-B177-A2CC956235F0}.Release|x64.Build.0 = Release|x64
		{9B8C414C-5480-4F79-B177-A2CC956235F0}.Release|x86.ActiveCfg = Release|Win32
		{9B8C414C-5480-4F79-B177-A2CC956235F0}.Release|x86.Build.0 = Release|Win32
		{87641700-5531-46F5-8B76-304FF2605C58}.Debug|Win32.ActiveCfg = Debug|Win32
		{87641700-5531-46F5-8B76-304FF2605C58}.Debug|Win32.Build.0 = Debug|Win32
		{87641700-5531-46F5-8B76-304FF2605C58}.Debug|x64.ActiveCfg = Debug|x64
		{87641700-5531-46F5-8B76-304FF2605C58}.Debug|x64.Build.0 = Debug|x64
		{87641700-5531-46F5-8B76-304FF2605C58}.Debug|x86.ActiveCfg = Debug|Win32
		{87641700-5531-46F5-8B76-304FF2605C58}.Debug|x86.Build.0 = Debug|Win32
		{87641700-5531-46F5-8B76-304FF2605C58}.Release|Win32.ActiveCfg = Release|Win32
		{87641700-5531-46F5-8B76-304FF2605C58}.Release|Win32.Build.0 = Release|Win32
		{87641700-5531-46F5-8B76-304FF2605C58}.Release|x64.ActiveCfg = Release|x64
		{87641700-5531-46F5-8B76-304FF2605C58}.Release|x64.Build.0 = Release|x64
		{87641700-5531-46F5-8B76-304FF2605C58}.Release|x86.ActiveCfg = Release|Win32
		{87641700-5531-46F5-8B76-304FF2605C58}.Release|x86.Build.0 = Release|Win32
		{A2311CB3-1EA3-4A68-BBA7-A1FC5DF45797}.Debug|Win32.ActiveCfg = Debug|Win32
		{A2311CB3-1EA3-4A68-BBA7-A1FC5DF45797}.Debug|Win32.Build.0 = Debug|Win32
		{A2311CB3-1EA3-4A68-BBA7-A1FC5DF45797}.Debug|x64.ActiveCfg = Debug|x64
		{A2311CB3-1EA3-4A68-BBA7-A1FC5DF45797}.Debug|x64.Build.0 = Debug|x64
		{A2311CB3-1EA3-4A68-BBA7-A1FC5DF45797}.Debug|x86.ActiveCfg = Debug|Win32
		{A2311CB3-1EA3-4A68-BBA7-A1FC5DF45797}.Debug|x86.Build.0 = Debug|Win32
		{A2311CB3-1EA3-4A68-BBA7-A1FC5DF45797}.Release|Win32.ActiveCfg = Release|Win32
		{A2311CB3-1EA3-4A68-BBA7-A1FC5DF45797}.Release|Win32.Build.0 = Release|Win32
		{A2311CB3-1EA3-4A68-BBA7-A1FC5DF45797}.Release|x64.ActiveCfg = Release|x64
		{A2311CB3-1EA3-4A68-BBA7-A1FC5DF45797}.Release|x64.Build.0 = Release|x64
		{A2311CB3-1EA3-4A68-BBA7-A1FC5DF45797}.Release|x86.ActiveCfg = Release|Win32
		{A2311CB3-1EA3-4A68-BBA7-A1FC5DF45797}.Release|x86.Build.0 = Release|Win32
		{DC5780C7-E36C-459A-9C54-6F085932D730}.Debug|Win32.ActiveCfg = Debug|Win32
		{DC5780C7-E36C-459A-9C54-6F085932D730}.Debug|Win32.Build.0 = Debug|Win32
		{DC5780C7-E36C-459A-9C54-6F085932D730}.Debug|x64.ActiveCfg = Debug|x64
		{DC5780C7-E36C-459A-9C54-6F085932D730}.Debug|x64.Build.0 = Debug|x64
		{DC5780C7-E36C-459A-9C54-6F085932D730}.Debug|x86.ActiveCfg = Debug|Win32
		{DC5780C7-E36C-459A-9C54-6F085932D730}.Debug|x86.Build.0 = Debug|Win32
		{DC5780C7-E36C-459A-9C54-6F085932D730}.Release|Win32.ActiveCfg = Release|Win32
		{DC5780C7-E36C-459A-9C54-6F085932D730}.Release|Win32.Build.0 = Release|Win32
		{DC5780C7-E36C-459A-9C54-6F085932D730}.Release|x64.ActiveCfg = Release|x64
		{DC5780C7-E36C-459A-9C54-6F085932D730}.Release|x64.Build.0 = Release|x64
		{DC5780C7-E36C-459A-9C54-6F085932D730}.Release|x86.ActiveCfg = Release|Win32
		{DC5780C7-E36C-459A-9C54-6F085932D730}.Release|x86.Build.0 = Release|Win32
		{BC9562E1-C77F-437E-8C87-4D4CC14DBE28}.Debug|Win32.ActiveCfg = Debug|Win32
		{BC9562E1-C77F-437E-8C87-4D4CC14DBE28}.Debug|Win32.Build.0 = Debug|Win32
		{BC9562E1-C77F-437E-8C87-4D4CC14DBE28}.Debug|x64.ActiveCfg = Debug|x64
		{BC9562E1-C77F-437E-8C87-4D4CC14DBE28}.Debug|x64.Build.0 = Debug|x64
		{BC9562E1-C77F-437E-8C87-4D4CC14DBE28}.Debug|x86.ActiveCfg = Debug|Win32
		{BC9562E1-C77F-437E-8C87-4D4CC14DBE28}.Debug|x86.Build.0 = Debug|Win32
		{BC9562E1-C77F-437E-8C87-4D4CC14DBE28}.Release|Win32.ActiveCfg = Release|Win32
		{BC9562E1-C77F-437E-8C87-4D4CC14DBE28}.Release|Win32.Build.0 = Release|Win32
		{BC9562E1-C77F-437E-8C87-4D4CC14DBE28}.Release|x64.ActiveCfg = Release|x64
		{BC9562E1-C77F-437E-8C87-4D4CC14DBE28}.Release|x64.Build.0 = Release|x64
		{BC9562E1-C77F-437E-8C87-4D4CC14DBE28}.Release|x86.ActiveCfg = Release|Win32
		{BC9562E1-C77F-437E-8C87-4D4CC14DBE28}.Release|x86.Build.0 = Release|Win32
		{12C0A03C-DA17-401A-B16D-14B4A02D137F}.Debug|Win32.ActiveCfg = Debug|Win32
		{12C0A03C-DA17-401A-B16D-14B4A02D137F}.Debug|Win32.Build.0 = Debug|Win32
		{12C0A03C-DA17-401A-B16D-14B4A02D137F}.Debug|x64.ActiveCfg = Debug|x64
		{12C0A03C-DA17-401A-B16D-14B4A02D137F}.Debug|x64.Build.0 = Debug|x64
		{12C0A03C-DA17-401A-B16D-14B4A02D137F}.Debug|x86.ActiveCfg = Debug|Win32
		{12C0A03C-DA17-401A-B16D-14B4A02D137F}.Debug|x86.Build.0 = Debug|Win32
		{12C0A03C-DA17-401A-B16D-14B4A02D137F}.Release|Win32.ActiveCfg = Release|Win32
		{12C0A03C-DA17-401A-B16D-14B4A02D137F}.Release|Win32.Build.0 = Release|Win32
		{12C0A03C-DA17-401A-B16D-14B4A02D137F}.Release|x64.ActiveCfg = Release|x64
		{12C0A03C-DA17-401A-B16D-14B4A02D137F}.Release|x64.Build.0 = Release|x64
		{12C0A03C-DA17-401A-B16D-14B4A02D137F}.Release|x86.ActiveCfg = Release|Win32
		{12C0A03C-DA17-401A-B16D-14B4A02D137F}.Release|x86.Build.0 = Release|Win32
		{46D21D61-DACB-433A-B030-B3BAEAA279C5}.Debug|Win32.ActiveCfg = Debug|Win32
		{46D21D61-DACB-433A-B030-B3BAEAA279C5}.Debug|Win32.Build.0 = Debug|Win32
		{46D21D61-DACB-433A-B030-B3BAEAA279C5}.Debug|x64.ActiveCfg = Debug|x64
		{46D21D61-DACB-433A-B030-B3BAEAA279C5}.Debug|x64.Build.0 = Debug|x64
		{46D21D61-DACB-433A-B030-B3BAEAA279C5}.Debug|x86.ActiveCfg = Debug|Win32
		{46D21D61-DACB-433A-B030-B3BAEAA279C5}.Debug|x86.Build.0 = Debug|Win32
		{46D21D61-DACB-433A-B030-B3BAEAA279C5}.Release|Win32.ActiveCfg = Release|Win32
		{46D21D61-DACB-433A-B030-B3BAEAA279C5}.Release|Win32.Build.0 = Release|Win32
		{46D21D61-DACB-433A-B030-B3BAEAA279C5}.Release|x64.ActiveCfg = Release|x64
		{46D21D61-DACB-433A-B030-B3BAEAA279C5}.Release|x64.Build.0 = Release|x64
		{46D21D61-DACB-433A-B030-B3BAEAA279C5}.Release|x86.ActiveCfg = Release|Win32
		{46D21D61-DACB-433A-B030-B3BAEAA279C5}.Release|x86.Build.0 = Release|Win32
		{EF1344B6-01F8-415A-B319-3946470C6747}.Debug|Win32.ActiveCfg = Debug|Win32
		{EF1344B6-01F8-415A-B319-3946470C6747}.Debug|Win32.Build.0 = Debug|Win32
		{EF1344B6-01F8-415A-B319-3946470C6747}.Debug|x64.ActiveCfg = Debug|x64
		{EF1344B6-01F8-415A-B319-3946470C6747}.Debug|x64.Build.0 = Debug|x64
		{EF1344B6-01F8-415A-B319-3946470C6747}.Debug|x86.ActiveCfg = Debug|Win32
		{EF1344B6-01F8-415A-B319-3946470C6747}.Debug|x86.Build.0 = Debug|Win32
		{EF1344B6-01F8-415A-B319-3946470C6747}.Release|Win32.ActiveCfg = Release|Win32
		{EF1344B6-01F8-415A-B319-3946470C6747}.Release|Win32.Build.0 = Release|Win32
		{EF1344B6-01F8-415A-B319-3946470C6747}.Release|x64.ActiveCfg = Release|x64
		{EF1344B6-01F8-415A-B319-3946470C6747}.Release|x64.Build.0 = Release|x64
		{EF1344B6-01F8-415A-B319-3946470C6747}.Release|x86.ActiveCfg = Release|Win32
		{EF1344B6-01F8-415A-B319-3946470C6747}.Release|x86.Build.0 = Release|Win32
		{3946228F-F192-4A1B-B9CB-8F2C4E3A8174}.Debug|Win32.ActiveCfg = Debug|Win32
		{3946228F-F192-4A1B-B9CB-8F2C4E3A8174}.Debug|Win32.Build.0 = Debug|Win32
		{3946228F-F192-4A1B-B9CB-8F2C4E3A8174}.Debug|x64.ActiveCfg = Debug|x64
		{3946228F-F192-4A1B-B9CB-8F2C4E3A8174}.Debug|x64.Build.0 = Debug|x64
		{3946228F-F192-4A1B-B9CB-8F2C4E3A8174}.Debug|x86.ActiveCfg = Debug|Win32
		{3946228F-F192-4A1B-B9CB-8F2C4E3A8174}.Debug|x86.Build.0 = Debug|Win32
		{3946228F-F192-4A1B-B9CB-8F2C4E3A8174}.Release|Win32.ActiveCfg = Release|Win32
		{3946228F-F192-4A1B-B9CB-8F2C4E3A8174}.Release|Win32.Build.0 = Release|Win32
		{3946228F-F192-4A1B-B9CB-8F2C4E3A8174}.Release|x64.ActiveCfg = Release|x64
		{3946228F-F192-4A1B-B9CB-8F2C4E3A8174}.Release|x64.Build.0 = Release|x64
		{3946228F-F192-4A1B-B9CB-8F2C4E3A8174}.Release|x86.ActiveCfg = Release|Win32
		{3946228F-F192-4A1B-B9CB-8F2C4E3A8174}.Release|x86.Build.0 = Release|Win32
		{1BCD46E5-7316-47E6-9755-AB1E8966D2F0}.Debug|Win32.ActiveCfg = Debug|Win32
		{1BCD46E5-7316-47E6-9755-AB1E8966D2F0}.Debug|Win32.Build.0 = Debug|Win32
		{1BCD46E5-7316-47E6-9755-AB1E8966D2F0}.Debug|x64.ActiveCfg = Debug|x64
		{1BCD46E5-7316-47E6-9755-AB1E8966D2F0}.Debug|x64.Build.0 = Debug|x64
		{1BCD46E5-7316-47E6-9755-AB1E8966D2F0}.Debug|x86.ActiveCfg = Debug|Win32
		{1BCD46E5-7316-47E6-9755-AB1E8966D2F0}.Debug|x86.Build.0 = Debug|Win32
		{1BCD46E5-7316-47E6-9755-AB1E8966D2F0}.Release|Win32.ActiveCfg = Release|Win32
		{1BCD46E5-7316-47E6-9755-AB1E8966D2F0}.Release|Win32.Build.0 = Release|Win32
		{1BCD46E5-7316-47E6-9755-AB1E8966D2F0}.Release|x64.ActiveCfg = Release|x64
		{1BCD46E5-7316-47E6-9755-AB1E8966D2F0}.Release|x64.Build.0 = Release|x64
		{1BCD46E5-7316-47E6-9755-AB1E8966D2F0}.Release|x86.ActiveCfg = Release|Win32
		{1BCD46E5-7316-47E6-9755-AB1E8966D2F0}.Release|x86.Build.0 = Release|Win32
		{4A3D4E02-4B27-4CFC-9FBB-E21340FA3199}.Debug|Win32.ActiveCfg = Debug|Win32
		{4A3D4E02-4B27-4CFC-9FBB-E21340FA3199}.Debug|Win32.Build.0 = Debug|Win32
		{4A3D4E02-4B27-4CFC-9FBB-E21340FA3199}.Debug|x64.ActiveCfg = Debug|x64
		{4A3D4E02-4B27-4CFC-9FBB-E21340FA3199}.Debug|x64.Build.0 = Debug|x64
		{4A3D4E02-4B27-4CFC-9FBB-E21340FA3199}.Debug|x86.ActiveCfg = Debug|Win32
		{4A3D4E02-4B27-4CFC-9FBB-E21340FA3199}.Debug|x86.Build.0 = Debug|Win32
		{4A3D4E02-4B27-4CFC-9FBB-E21340FA3199}.Release|Win32.ActiveCfg = Release|Win32
		{4A3D4E02-4B27-4CFC-9FBB-E21340FA3199}.Release|Win32.Build.0 = Release|Win32
		{4A3D4E02-4B27-4CFC-9FBB-E21340FA3199}.Release|x64.ActiveCfg = Release|x64
		{4A3D4E02-4B27-4CFC-9FBB-E21340FA3199}.Release|x64.Build.0 = Release|x64
		{4A3D4E02-4B27-4CFC-9FBB-E21340FA3199}.Release|x86.ActiveCfg = Release|Win32
		{4A3D4E02-4B27-4CFC-9FBB-E21340FA3199}.Release|x86.Build.0 = Release|Win32
		{A72C16E9-AA3B-4125-8941-7D94AF742680}.Debug|Win32.ActiveCfg = Debug|Win32
		{A72C16E9-AA3B-4125-8941-7D94AF742680}.Debug|Win32.Build.0 = Debug|Win32
		{A72C16E9-AA3B-4125-8941-7D94AF742680}.Debug|x64.ActiveCfg = Debug|x64
		{A72C16E9-AA3B-4125-8941-7D94AF742680}.Debug|x64.Build.0 = Debug|x64
		{A72C16E9-AA3B-4125-8941-7D94AF742680}.Debug|x86.ActiveCfg = Debug|Win32
		{A72C16E9-AA3B-4125-8941-7D94AF742680}.Debug|x86.Build.0 = Debug|Win32
		{A72C16E9-AA3B-4125-8941-7D94AF742680}.Release|Win32.ActiveCfg = Release|Win32
		{A72C16E9-AA3B-4125-8941-7D94AF742680}.Release|Win32.Build.0 = Release|Win32
		{A72C16E9-AA3B-4125-8941-7D94AF742680}.Release|x64.ActiveCfg = Release|x64
		{A72C16E9-AA3B-4125-8941-7D94AF742680}.Release|x64.Build.0 = Release|x64
		{A72C16E9-AA3B-4125-8941-7D94AF742680}.Release|x86.ActiveCfg = Release|Win32
		{A72C16E9-AA3B-4125-8941-7D94AF742680}.Release|x86.Build.0 = Release|Win32
		{9298B560-E61F-42A6-8945-00377FF092B5}.Debug|Win32.ActiveCfg = Debug|Win32
		{9298B560-E61F-42A6-8945-00377FF092B5}.Debug|Win32.Build.0 = Debug|Win32
		{9298B560-E61F-42A6-8945-00377FF092B5}.Debug|x64.ActiveCfg = Debug|x64
		{9298B560-E61F-42A6-8945-00377FF092B5}.Debug|x64.Build.0 = Debug|x64
		{9298B560-E61F-42A6-8945-00377FF092B5}.Debug|x86.ActiveCfg = Debug|Win32
		{9298B560-E61F-42A6-8945-00377FF092B5}.Debug|x86.Build.0 = Debug|Win32
		{9298B560-E61F-42A6-8945-00377FF092B5}.Release|Win32.ActiveCfg = Release|Win32
		{9298B560-E61F-42A6-8945-00377FF092B5}.Release|Win32.Build.0 = Release|Win32
		{9298B560-E61F-42A6-8945-00377FF092B5}.Release|x64.ActiveCfg = Release|x64
		{9298B560-E61F-42A6-8945-00377FF092B5}.Release|x64.Build.0 = Release|x64
		{9298B560-E61F-42A6-8945-00377FF092B5}.Release|x86.ActiveCfg = Release|Win32
		{9298B560-E61F-42A6-8945-00377FF092B5}.Release|x86.Build.0 = Release|Win32
		{BFEB577A-572B-47A5-87A3-B526D7F444CE}.Debug|Win32.ActiveCfg = Debug|Win32
		{BFEB577A-572B-47A5-87A3-B526D7F444CE}.Debug|Win32.Build.0 = Debug|Win32
		{BFEB577A-572B-47A5-87A3-B526D7F444CE}.Debug|x64.ActiveCfg = Debug|x64
		{BFEB577A-572B-47A5-87A3-B526D7F444CE}.Debug|x64.Build.0 = Debug|x64
		{BFEB577A-572B-47A5-87A3-B526D7F444CE}.Debug|x86.ActiveCfg = Debug|Win32
		{BFEB577A-572B-47A5-87A3-B526D7F444CE}.Debug|x86.Build.0 = Debug|Win32
		{BFEB577A-572B-47A5-87A3-B526D7F444CE}.Release|Win32.ActiveCfg = Release|Win32
		{BFEB577A-572B-47A5-87A3-B526D7F444CE}.Release|Win32.Build.0 = Release|Win32
		{BFEB577A-572B-47A5-87A3-B526D7F444CE}.Release|x64.ActiveCfg = Release|x64
		{BFEB577A-572B-47A5-87A3-B526D7F444CE}.Release|x64.Build.0 = Release|x64
		{BFEB577A-572B-47A5-87A3-B526D7F444CE}.Release|x86.ActiveCfg = Release|Win32
		{BFEB577A-572B-47A5-87A3-B526D7F444CE}.Release|x86.Build.0 = Release|Win32
		{CB66B01A-4347-4C30-86AF-376BF584754D}.Debug|Win32.ActiveCfg = Debug|Win32
		{CB66B01A-4347-4C30-86AF-376BF584754D}.Debug|Win32.Build.0 = Debug|Win32
		{CB66B01A-4347-4C30-86AF-376BF584754D}.Debug|x64.ActiveCfg = Debug|x64
		{CB66B01A-4347-4C30-86AF-376BF584754D}.Debug|x64.Build.0 = Debug|x64
		{CB66B01A-4347-4C30-86AF-376BF584754D}.Debug|x86.ActiveCfg = Debug|Win32
		{CB66B01A-4347-4C30-86AF-376BF584754D}.Debug|x86.Build.0 = Debug|Win32
		{CB66B01A-4347-4C30-86AF-376BF584754D}.Release|Win32.ActiveCfg = Release|Win32
		{CB66B01A-4347-4C30-86AF-376BF584754D}.Release|Win32.Build.0 = Release|Win32
		{CB66B01A-4347-4C30-86AF-376BF584754D}.Release|x64.ActiveCfg = Release|x64
		{CB66B01A-4347-4C30-86AF-376BF584754D}.Release|x64.Build.0 = Release|x64
		{CB66B01A-4347-4C30-86AF-376BF584754D}.Release|x86.ActiveCfg = Release|Win32
		{CB66B01A-4347-4C30-86AF-376BF584754D}.Release|x86.Build.0 = Release|Win32
		{5628FE8E-E913-4F78-89D7-54FC748B95FA}.Debug|Win32.ActiveCfg = Debug|Win32
		{5628FE8E-E913-4F78-89D7-54FC748B95FA}.Debug|Win32.Build.0 = Debug|Win32
		{5628FE8E-E913-4F78-89D7-54FC748B95FA}.Debug|x64.ActiveCfg = Debug|x64
		{5628FE8E-E913-4F78-89D7-54FC748B95FA}.Debug|x64.Build.0 = Debug|x64
		{5628FE8E-E913-4F78-89D7-54FC748B95FA}.Debug|x86.ActiveCfg = Debug|Win32
		{5628FE8E-E913-4F78-89D7-54FC748B95FA}.Debug|x86.Build.0 = Debug|Win32
		{5628FE8E-E913-4F78-89D7-54FC748B95FA}.Release|Win32.ActiveCfg = Release|Win32
		{5628FE8E-E913-4F78-89D7-54FC748B95FA}.Release|Win32.Build.0 = Release|Win32
		{5628FE8E-E913-4F78-89D7-54FC748B95FA}.Release|x64.ActiveCfg = Release|x64
		{5628FE8E-E913-4F78-89D7-54FC748B95FA}.Release|x64.Build.0 = Release|x64
		{5628FE8E-E913-4F78-89D7-54FC748B95FA}.Release|x86.ActiveCfg = Release|Win32
		{5628FE8E-E913-4F78-89D7-54FC748B95FA}.Release|x86.Build.0 = Release|Win32
		{7CBCC41C-2BE8-4635-A8F3-CF3E9BAA763B}.Debug|Win32.ActiveCfg = Debug|Win32
		{7CBCC41C-2BE8-4635-A8F3-CF3E9BAA763B}.Debug|Win32.Build.0 = Debug|Win32
		{7CBCC41C-2BE8-4635-A8F3-CF3E9BAA763B}.Debug|x64.ActiveCfg = Debug|x64
		{7CBCC41C-2BE8-4635-A8F3-CF3E9BAA763B}.Debug|x64.Build.0 = Debug|x64
		{7CBCC41C-2BE8-4635-A8F3-CF3E9BAA763B}.Debug|x86.ActiveCfg = Debug|Win32
		{7CBCC41C-2BE8-4635-A8F3-CF3E9BAA763B}.Debug|x86.Build.0 = Debug|Win32
		{7CBCC41C-2BE8-4635-A8F3-CF3E9BAA763B}.Release|Win32.ActiveCfg = Release|Win32
		{7CBCC41C-2BE8-4635-A8F3-CF3E9BAA763B}.Release|Win32.Build.0 = Release|Win32
		{7CBCC41C-2BE8-4635-A8F3-CF3E9BAA763B}.Release|x64.ActiveCfg = Release|x64
		{7CBCC41C-2BE8-4635-A8F3-CF3E9BAA763B}.Release|x64.Build.0 = Release|x64
		{7CBCC41C-2BE8-4635-A8F3-CF3E9BAA763B}.Release|x86.ActiveCfg = Release|Win32
		{7CBCC41C-2BE8-4635-A8F3-CF3E9BAA763B}.Release|x86.Build.0 = Release|Win32
		{D1D94132-26C4-475B-B1E4-E5BD5D4C13FC}.Debug|Win32.ActiveCfg = Debug|Win32
		{D1D94132-26C4-475B-B1E4-E5BD5D4C13FC}.Debug|Win32.Build.0 = Debug|Win32
		{D1D94132-26C4-475B-B1E4-E5BD5D4C13FC}.Debug|x64.ActiveCfg = Debug|x64
		{D1D94132-26C4-475B-B1E4-E5BD5D4C13FC}.Debug|x64.Build.0 = Debug|x64
		{D1D94132-26C4-475B-B1E4-E5BD5D4C13FC}.Debug|x86.ActiveCfg = Debug|Win32
		{D1D94132-26C4-475B-B1E4-E5BD5D4C13FC}.Debug|x86.Build.0 = Debug|Win32
		{D1D94132-26C4-475B-B1E4-E5BD5D4C13FC}.Release|Win32.ActiveCfg = Release|Win32
		{D1D94132-26C4-475B-B1E4-E5BD5D4C13FC}.Release|Win32.Build.0 = Release|Win32
		{D1D94132-26C4-475B-B1E4-E5BD5D4C13FC}.Release|x64.ActiveCfg = Release|x64
		{D1D94132-26C4-475B-B1E4-E5BD5D4C13FC}.Release|x64.Build.0 = Release|x64
		{D1D94132-26C4-475B-B1E4-E5BD5D4C13FC}.Release|x86.ActiveCfg = Release|Win32
		{D1D94132-26C4-475B-B1E4-E5BD5D4C13FC}.Release|x86.Build.0 = Release|Win32
		{6F28918B-97D1-438D-A718-F40EB58AA8D9}.Debug|Win32.ActiveCfg = Debug|Win32
		{6F28918B-97D1-438D-A718-F40EB58AA8D9}.Debug|Win32.Build.0 = Debug|Win32
		{6F28918B-97D1-438D-A718-F40EB58AA8D9}.Debug|x64.ActiveCfg = Debug|x64
		{6F28918B-97D1-438D-A718-F40EB58AA8D9}.Debug|x64.Build.0 = Debug|x64
		{6F28918B-97D1-438D-A718-F40EB58AA8D9}.Debug|x86.ActiveCfg = Debug|Win32
		{6F28918B-97D1-438D-A718-F40EB58AA8D9}.Debug|x86.Build.0 = Debug|Win32
		{6F28918B-97D1-438D-A718-F40EB58AA8D9}.Release|Win32.ActiveCfg = Release|Win32
		{6F28918B-97D1-438D-A718-F40EB58AA8D9}.Release|Win32.Build.0 = Release|Win32
		{6F28918B-97D1-438D-A718-F40EB58AA8D9}.Release|x64.ActiveCfg = Release|x64
		{6F28918B-97D1-438D-A718-F40EB58AA8D9}.Release|x64.Build.0 = Release|x64
		{6F28918B-97D1-438D-A718-F40EB58AA8D9}.Release|x86.ActiveCfg = Release|Win32
		{6F28918B-97D1-438D-A718-F40EB58AA8D9}.Release|x86.Build.0 = Release|Win32
		{3BF478F5-445F-4803-B5E7-CC40B72DCF1B}.Debug|Win32.ActiveCfg = Debug|Win32
		{3BF478F5-445F-4803-B5E7-CC40B72DCF1B}.Debug|Win32.Build.0 = Debug|Win32
		{3BF478F5-445F-4803-B5E7-CC40B72DCF1B}.Debug|x64.ActiveCfg = Debug|x64
		{3BF478F5-445F-4803-B5E7-CC40B72DCF1B}.Debug|x64.Build.0 = Debug|x64
		{3BF478F5-445F-4803-B5E7-CC40B72DCF1B}.Debug|x86.ActiveCfg = Debug|Win32
		{3BF478F5-445F-4803-B5E7-CC40B72DCF1B}.Debug|x86.Build.0 = Debug|Win32
		{3BF478F5-445F-4803-B5E7-CC40B72DCF1B}.Release|Win32.ActiveCfg = Release|Win32
		{3BF478F5-445F-4803-B5E7-CC40B72DCF1B}.Release|Win32.Build.0 = Release|Win32
		{3BF478F5-445F-4803-B5E7-CC40B72DCF1B}.Release|x64.ActiveCfg = Release|x64
		{3BF478F5-445F-4803-B5E7-CC40B72DCF1B}.Release|x64.Build.0 = Release|x64
		{3BF478F5-445F-4803-B5E7-CC40B72DCF1B}.Release|x86.ActiveCfg = Release|Win32
		{3BF478F5-445F-4803-B5E7-CC40B72DCF1B}.Release|x86.Build.0 = Release|Win32
		{20C388C9-EAFA-488A-AF40-D978A9DDB863}.Debug|Win32.ActiveCfg = Debug|Win32
		{20C388C9-EAFA-488A-AF40-D978A9DDB863}.Debug|Win32.Build.0 = Debug|Win32
		{20C388C9-EAFA-488A-AF40-D978A9DDB863}.Debug|x64.ActiveCfg = Debug|x64
		{20C388C9-EAFA-488A-AF40-D978A9DDB863}.Debug|x64.Build.0 = Debug|x64
		{20C388C9-EAFA-488A-AF40-D978A9DDB863}.Debug|x86.ActiveCfg = Debug|Win32
		{20C388C9-EAFA-488A-AF40-D978A9DDB863}.Debug|x86.Build.0 = Debug|Win32
		{20C388C9-EAFA-488A-AF40-D978A9DDB863}.Release|Win32.ActiveCfg = Release|Win32
		{20C388C9-EAFA-488A-AF40-D978A9DDB863}.Release|Win32.Build.0 = Release|Win32
		{20C388C9-EAFA-488A-AF40-D978A9DDB863}.Release|x64.ActiveCfg = Release|x64
		{20C388C9-EAFA-488A-AF40-D978A9DDB863}.Release|x64.Build.0 = Release|x64
		{20C388C9-EAFA-488A-AF40-D978A9DDB863}.Release|x86.ActiveCfg = Release|Win32
		{20C388C9-EAFA-488A-AF40-D978A9DDB863}.Release|x86.Build.0 = Release|Win32
		{4A0FBA35-5ABD-4C6E-9B72-DEC9A1313A9D}.Debug|Win32.ActiveCfg = Debug|Win32
		{4A0FBA35-5ABD-4C6E-9B72-DEC9A1313A9D}.Debug|Win32.Build.0 = Debug|Win32
		{4A0FBA35-5ABD-4C6E-9B72-DEC9A1313A9D}.Debug|x64.ActiveCfg = Debug|x64
		{4A0FBA35-5ABD-4C6E-9B72-DEC9A1313A9D}.Debug|x64.Build.0 = Debug|x64
		{4A0FBA35-5ABD-4C6E-9B72-DEC9A1313A9D}.Debug|x86.ActiveCfg = Debug|Win32
		{4A0FBA35-5ABD-4C6E-9B72-DEC9A1313A9D}.Debug|x86.Build.0 = Debug|Win32
		{4A0FBA35-5ABD-4C6E-9B72-DEC9A1313A9D}.Release|Win32.ActiveCfg = Release|Win32
		{4A0FBA35-5ABD-4C6E-9B72-DEC9A1313A9D}.Release|Win32.Build.0 = Release|Win32
		{4A0FBA35-5ABD-4C6E-9B72-DEC9A1313A9D}.Release|x64.ActiveCfg = Release|x64
		{4A0FBA35-5ABD-4C6E-9B72-DEC9A1313A9D}.Release|x64.Build.0 = Release|x64
		{4A0FBA35-5ABD-4C6E-9B72-DEC9A1313A9D}.Release|x86.ActiveCfg = Release|Win32
		{4A0FBA35-5ABD-4C6E-9B72-DEC9A1313A9D}.Release|x86.Build.0 = Release|Win32
		{02C982F6-BADD-45A5-834E-676D9808223A}.Debug|Win32.ActiveCfg = Debug|Win32
		{02C982F6-BADD-45A5-834E-676D9808223A}.Debug|Win32.Build.0 = Debug|Win32
		{02C982F6-BADD-45A5-834E-676D9808223A}.Debug|x64.ActiveCfg = Debug|x64
		{02C982F6-BADD-45A5-834E-676D9808223A}.Debug|x64.Build.0 = Debug|x64
		{02C982F6-BADD-45A5-834E-676D9808223A}.Debug|x86.ActiveCfg = Debug|Win32
		{02C982F6-BADD-45A5-834E-676D9808223A}.Debug|x86.Build.0 = Debug|Win32
		{02C982F6-BADD-45A5-834E-676D9808223A}.Release|Win32.ActiveCfg = Release|Win32
		{02C982F6-BADD-45A5-834E-676D9808223A}.Release|Win32.Build.0 = Release|Win32
		{02C982F6-BADD-45A5-834E-676D9808223A}.Release|x64.ActiveCfg = Release|x64
		{02C982F6-BADD-45A5-834E-676D9808223A}.Release|x64.Build.0 = Release|x64
		{02C982F6-BADD-45A5-834E-676D9808223A}.Release|x86.ActiveCfg = Release|Win32
		{02C982F6-BADD-45A5-834E-676D9808223A}.Release|x86.Build.0 = Release|Win32
		{4014FB71-FA34-416B-BA35-7EA187E1B211}.Debug|Win32.ActiveCfg = Debug|Win32
		{4014FB71-FA34-416B-BA35-7EA187E1B211}.Debug|Win32.Build.0 = Debug|Win32
		{4014FB71-FA34-416B-BA35-7EA187E1B211}.Debug|x64.ActiveCfg = Debug|x64
		{4014FB71-FA34-416B-BA35-7EA187E1B211}.Debug|x64.Build.0 = Debug|x64
		{4014FB71-FA34-416B-BA35-7EA187E1B211}.Debug|x86.ActiveCfg = Debug|Win32
		{4014FB71-FA34-416B-BA35-7EA187E1B211}.Debug|x86.Build.0 = Debug|Win32
		{4014FB71-FA34-416B-BA35-7EA187E1B211}.Release|Win32.ActiveCfg = Release|Win32
		{4014FB71-FA34-416B-BA35-7EA187E1B211}.Release|Win32.Build.0 = Release|Win32
		{4014FB71-FA34-416B-BA35-7EA187E1B211}.Release|x64.ActiveCfg = Release|x64
		{4014FB71-FA34-416B-BA35-7EA187E1B211}.Release|x64.Build.0 = Release|x64
		{4014FB71-FA34-416B-BA35-7EA187E1B211}.Release|x86.ActiveCfg = Release|Win32
		{4014FB71-FA34-416B-BA35-7EA187E1B211}.Release|x86.Build.0 = Release|Win32
		{687C2D12-F968-4696-BCC7-7A7285BBEED4}.Debug|Win32.ActiveCfg = Debug|Win32
		{687C2D12-F968-4696-BCC7-7A7285BBEED4}.Debug|Win32.Build.0 = Debug|Win32
		{687C2D12-F968-4696-BCC7-7A7285BBEED4}.Debug|x64.ActiveCfg = Debug|x64
		{687C2D12-F968-4696-BCC7-7A7285BBEED4}.Debug|x64.Build.0 = Debug|x64
		{687C2D12-F968-4696-BCC7-7A7285BBEED4}.Debug|x86.ActiveCfg = Debug|Win32
		{687C2D12-F968-4696-BCC7-7A7285BBEED4}.Debug|x86.Build.0 = Debug|Win32
		{687C2D12-F968-4696-BCC7-7A7285BBEED4}.Release|Win32.ActiveCfg = Release|Win32
		{687C2D12-F968-4696-BCC7-7A7285BBEED4}.Release|Win32.Build.0 = Release|Win32
		{687C2D12-F968-4696-BCC7-7A7285BBEED4}.Release|x64.ActiveCfg = Release|x64
		{687C2D12-F968-4696-BCC7-7A7285BBEED4}.Release|x64.Build.0 = Release|x64
		{687C2D12-F968-4696-BCC7-7A7285BBEED4}.Release|x86.ActiveCfg = Release|Win32
		{687C2D12-F968-4696-BCC7-7A7285BBEED4}.Release|x86.Build.0 = Release|Win32
		{39809242-A11D-41A5-BF30-80937ADEDA6C}.Debug|Win32.ActiveCfg = Debug|Win32
		{39809242-A11D-41A5-BF30-80937ADEDA6C}.Debug|Win32.Build.0 = Debug|Win32
		{39809242-A11D-41A5-BF30-80937ADEDA6C}.Debug|x64.ActiveCfg = Debug|x64
		{39809242-A11D-41A5-BF30-80937ADEDA6C}.Debug|x64.Build.0 = Debug|x64
		{39809242-A11D-41A5-BF30-80937ADEDA6C}.Debug|x86.ActiveCfg = Debug|Win32
		{39809242-A11D-41A5-BF30-80937ADEDA6C}.Debug|x86.Build.0 = Debug|Win32
		{39809242-A11D-41A5-BF30-80937ADEDA6C}.Release|Win32.ActiveCfg = Release|Win32
		{39809242-A11D-41A5-BF30-80937ADEDA6C}.Release|Win32.Build.0 = Release|Win32
		{39809242-A11D-41A5-BF30-80937ADEDA6C}.Release|x64.ActiveCfg = Release|x64
		{39809242-A11D-41A5-BF30-80937ADEDA6C}.Release|x64.Build.0 = Release|x64
		{39809242-A11D-41A5-BF30-80937ADEDA6C}.Release|x86.ActiveCfg = Release|Win32
		{39809242-A11D-41A5-BF30-80937ADEDA6C}.Release|x86.Build.0 = Release|Win32
	EndGlobalSection
	GlobalSection(SolutionProperties) = preSolution
		HideSolutionNode = FALSE
	EndGlobalSection
	GlobalSection(ExtensibilityGlobals) = postSolution
		SolutionGuid = {4414882D-12DC-4275-A6ED-63BFC32EBCAA}
	EndGlobalSection
EndGlobal
